// !$*UTF8*$!
{
	archiveVersion = 1;
	classes = {
	};
	objectVersion = 45;
	objects = {

/* Begin PBXBuildFile section */
		1DDD58160DA1D0A300B32029 /* MainMenu.xib in Resources */ = {isa = PBXBuildFile; fileRef = 1DDD58140DA1D0A300B32029 /* MainMenu.xib */; };
		69037EEF1015E8B7006C58D5 /* about.html in Resources */ = {isa = PBXBuildFile; fileRef = 69037EEE1015E8B7006C58D5 /* about.html */; };
		6906DCAF0FE233F600A0A0F4 /* pomodoroFreeze.png in Resources */ = {isa = PBXBuildFile; fileRef = 6906DCAD0FE233F600A0A0F4 /* pomodoroFreeze.png */; };
		6906DCB00FE233F600A0A0F4 /* pomodoroBreak.png in Resources */ = {isa = PBXBuildFile; fileRef = 6906DCAE0FE233F600A0A0F4 /* pomodoroBreak.png */; };
		692148B60FCF47740016B59D /* Growl.framework in Frameworks */ = {isa = PBXBuildFile; fileRef = 692148B50FCF47740016B59D /* Growl.framework */; };
		692148BE0FCF47800016B59D /* Growl.framework in CopyFiles */ = {isa = PBXBuildFile; fileRef = 692148B50FCF47740016B59D /* Growl.framework */; };
		69406D6D0FEFB811007E3D80 /* PomodoroDefaults.m in Sources */ = {isa = PBXBuildFile; fileRef = 69406D6C0FEFB811007E3D80 /* PomodoroDefaults.m */; };
		69509E380FCFF56A00BD19B5 /* Pomodoros.xcdatamodel in Sources */ = {isa = PBXBuildFile; fileRef = 69509E370FCFF56A00BD19B5 /* Pomodoros.xcdatamodel */; };
		69563A700FC9CC83004AC179 /* PomodoroStats.m in Sources */ = {isa = PBXBuildFile; fileRef = 69563A6F0FC9CC83004AC179 /* PomodoroStats.m */; };
		69576B070FDC534E007C33E9 /* Sparkle.framework in Frameworks */ = {isa = PBXBuildFile; fileRef = 69576B060FDC534E007C33E9 /* Sparkle.framework */; };
		69576B100FDC5368007C33E9 /* Sparkle.framework in CopyFiles */ = {isa = PBXBuildFile; fileRef = 69576B060FDC534E007C33E9 /* Sparkle.framework */; };
		69576B330FDC5BE9007C33E9 /* dsa_pub.pem in Resources */ = {isa = PBXBuildFile; fileRef = 69576B320FDC5BE9007C33E9 /* dsa_pub.pem */; };
		6968AF120FD950AE00028CE6 /* Carbon.framework in Frameworks */ = {isa = PBXBuildFile; fileRef = 6968AF110FD950AE00028CE6 /* Carbon.framework */; };
		697BF2A1102EFCB100F11AF0 /* green.png in Resources */ = {isa = PBXBuildFile; fileRef = 697BF29F102EFCB100F11AF0 /* green.png */; };
		697BF2A2102EFCB100F11AF0 /* red.png in Resources */ = {isa = PBXBuildFile; fileRef = 697BF2A0102EFCB100F11AF0 /* red.png */; };
		69866C8D102DC545005666F6 /* MGTwitterEngine.m in Sources */ = {isa = PBXBuildFile; fileRef = 69866C6C102DC544005666F6 /* MGTwitterEngine.m */; };
		69866C8E102DC545005666F6 /* MGTwitterHTTPURLConnection.m in Sources */ = {isa = PBXBuildFile; fileRef = 69866C6F102DC544005666F6 /* MGTwitterHTTPURLConnection.m */; };
		69866C8F102DC545005666F6 /* MGTwitterLibXMLParser.m in Sources */ = {isa = PBXBuildFile; fileRef = 69866C73102DC544005666F6 /* MGTwitterLibXMLParser.m */; };
		69866C90102DC545005666F6 /* MGTwitterStatusesLibXMLParser.m in Sources */ = {isa = PBXBuildFile; fileRef = 69866C75102DC544005666F6 /* MGTwitterStatusesLibXMLParser.m */; };
		69866C91102DC545005666F6 /* MGTwitterUsersLibXMLParser.m in Sources */ = {isa = PBXBuildFile; fileRef = 69866C77102DC544005666F6 /* MGTwitterUsersLibXMLParser.m */; };
		69866C92102DC545005666F6 /* MGTwitterMessagesLibXMLParser.m in Sources */ = {isa = PBXBuildFile; fileRef = 69866C79102DC544005666F6 /* MGTwitterMessagesLibXMLParser.m */; };
		69866C93102DC545005666F6 /* MGTwitterMiscLibXMLParser.m in Sources */ = {isa = PBXBuildFile; fileRef = 69866C7B102DC544005666F6 /* MGTwitterMiscLibXMLParser.m */; };
		69866C94102DC545005666F6 /* MGTwitterXMLParser.m in Sources */ = {isa = PBXBuildFile; fileRef = 69866C7E102DC545005666F6 /* MGTwitterXMLParser.m */; };
		69866C95102DC545005666F6 /* MGTwitterStatusesParser.m in Sources */ = {isa = PBXBuildFile; fileRef = 69866C81102DC545005666F6 /* MGTwitterStatusesParser.m */; };
		69866C96102DC545005666F6 /* MGTwitterUsersParser.m in Sources */ = {isa = PBXBuildFile; fileRef = 69866C83102DC545005666F6 /* MGTwitterUsersParser.m */; };
		69866C97102DC545005666F6 /* MGTwitterMessagesParser.m in Sources */ = {isa = PBXBuildFile; fileRef = 69866C85102DC545005666F6 /* MGTwitterMessagesParser.m */; };
		69866C98102DC545005666F6 /* MGTwitterMiscParser.m in Sources */ = {isa = PBXBuildFile; fileRef = 69866C87102DC545005666F6 /* MGTwitterMiscParser.m */; };
		69866C99102DC545005666F6 /* NSString+UUID.m in Sources */ = {isa = PBXBuildFile; fileRef = 69866C8A102DC545005666F6 /* NSString+UUID.m */; };
		69866C9A102DC545005666F6 /* NSData+Base64.m in Sources */ = {isa = PBXBuildFile; fileRef = 69866C8C102DC545005666F6 /* NSData+Base64.m */; };
		6986976E0FDB3B03006281E8 /* tick.wav in Resources */ = {isa = PBXBuildFile; fileRef = 6986976D0FDB3B03006281E8 /* tick.wav */; };
		69885A480FD3FD770020D132 /* BGHUDAppKit.framework in Frameworks */ = {isa = PBXBuildFile; fileRef = 69885A470FD3FD770020D132 /* BGHUDAppKit.framework */; };
		69885A6B0FD3FD8B0020D132 /* BGHUDAppKit.framework in CopyFiles */ = {isa = PBXBuildFile; fileRef = 69885A470FD3FD770020D132 /* BGHUDAppKit.framework */; };
		69B1A3740FC96D22009B0ACF /* GrowlNotifier.m in Sources */ = {isa = PBXBuildFile; fileRef = 69B1A36D0FC96D22009B0ACF /* GrowlNotifier.m */; };
		69B1A3750FC96D22009B0ACF /* Pomodoro.m in Sources */ = {isa = PBXBuildFile; fileRef = 69B1A36F0FC96D22009B0ACF /* Pomodoro.m */; };
		69B1A3760FC96D22009B0ACF /* AboutController.m in Sources */ = {isa = PBXBuildFile; fileRef = 69B1A3710FC96D22009B0ACF /* AboutController.m */; };
		69B1A3770FC96D22009B0ACF /* StatsController.m in Sources */ = {isa = PBXBuildFile; fileRef = 69B1A3730FC96D22009B0ACF /* StatsController.m */; };
		69B1A37B0FC96D63009B0ACF /* ring.wav in Resources */ = {isa = PBXBuildFile; fileRef = 69B1A37A0FC96D63009B0ACF /* ring.wav */; };
		69B1A37E0FC96D6E009B0ACF /* icon.icns in Resources */ = {isa = PBXBuildFile; fileRef = 69B1A37C0FC96D6E009B0ACF /* icon.icns */; };
		69B1A37F0FC96D6E009B0ACF /* pomodoro.png in Resources */ = {isa = PBXBuildFile; fileRef = 69B1A37D0FC96D6E009B0ACF /* pomodoro.png */; };
		69B1A3820FC96D96009B0ACF /* About.xib in Resources */ = {isa = PBXBuildFile; fileRef = 69B1A3800FC96D96009B0ACF /* About.xib */; };
		69B1A3830FC96D96009B0ACF /* Stats.xib in Resources */ = {isa = PBXBuildFile; fileRef = 69B1A3810FC96D96009B0ACF /* Stats.xib */; };
		69B1A4420FC96FFD009B0ACF /* PomodoroController.m in Sources */ = {isa = PBXBuildFile; fileRef = 69B1A4410FC96FFD009B0ACF /* PomodoroController.m */; };
		69D955650FED0EB1003CBDA8 /* DurationFormatter.m in Sources */ = {isa = PBXBuildFile; fileRef = 69D955640FED0EB1003CBDA8 /* DurationFormatter.m */; };
		69DC1F920FD5C60B005F3F6B /* PomodoroArrayController.m in Sources */ = {isa = PBXBuildFile; fileRef = 69DC1F910FD5C60B005F3F6B /* PomodoroArrayController.m */; };
		69DE0718102AEE6600670B79 /* libxml2.dylib in Frameworks */ = {isa = PBXBuildFile; fileRef = 69DE0717102AEE6600670B79 /* libxml2.dylib */; };
		69DE073F102AF7DC00670B79 /* twitter.png in Resources */ = {isa = PBXBuildFile; fileRef = 69DE073E102AF7DC00670B79 /* twitter.png */; };
		69E4CCC9101B214C00FCC33C /* Binder.m in Sources */ = {isa = PBXBuildFile; fileRef = 69E4CCC8101B214C00FCC33C /* Binder.m */; };
		8D11072B0486CEB800E47090 /* InfoPlist.strings in Resources */ = {isa = PBXBuildFile; fileRef = 089C165CFE840E0CC02AAC07 /* InfoPlist.strings */; };
		8D11072D0486CEB800E47090 /* main.m in Sources */ = {isa = PBXBuildFile; fileRef = 29B97316FDCFA39411CA2CEA /* main.m */; settings = {ATTRIBUTES = (); }; };
		8D11072F0486CEB800E47090 /* Cocoa.framework in Frameworks */ = {isa = PBXBuildFile; fileRef = 1058C7A1FEA54F0111CA2CBB /* Cocoa.framework */; };
/* End PBXBuildFile section */

/* Begin PBXCopyFilesBuildPhase section */
		69B1A3AB0FC96E85009B0ACF /* CopyFiles */ = {
			isa = PBXCopyFilesBuildPhase;
			buildActionMask = 2147483647;
			dstPath = "";
			dstSubfolderSpec = 10;
			files = (
				69576B100FDC5368007C33E9 /* Sparkle.framework in CopyFiles */,
				69885A6B0FD3FD8B0020D132 /* BGHUDAppKit.framework in CopyFiles */,
				692148BE0FCF47800016B59D /* Growl.framework in CopyFiles */,
			);
			runOnlyForDeploymentPostprocessing = 0;
		};
/* End PBXCopyFilesBuildPhase section */

/* Begin PBXFileReference section */
		089C165DFE840E0CC02AAC07 /* English */ = {isa = PBXFileReference; fileEncoding = 10; lastKnownFileType = text.plist.strings; name = English; path = English.lproj/InfoPlist.strings; sourceTree = "<group>"; };
		1058C7A1FEA54F0111CA2CBB /* Cocoa.framework */ = {isa = PBXFileReference; lastKnownFileType = wrapper.framework; name = Cocoa.framework; path = /System/Library/Frameworks/Cocoa.framework; sourceTree = "<absolute>"; };
		13E42FB307B3F0F600E4EEF1 /* CoreData.framework */ = {isa = PBXFileReference; lastKnownFileType = wrapper.framework; name = CoreData.framework; path = /System/Library/Frameworks/CoreData.framework; sourceTree = "<absolute>"; };
		1DDD58150DA1D0A300B32029 /* English */ = {isa = PBXFileReference; lastKnownFileType = file.xib; name = English; path = English.lproj/MainMenu.xib; sourceTree = "<group>"; };
		29B97316FDCFA39411CA2CEA /* main.m */ = {isa = PBXFileReference; fileEncoding = 4; lastKnownFileType = sourcecode.c.objc; path = main.m; sourceTree = "<group>"; };
		29B97324FDCFA39411CA2CEA /* AppKit.framework */ = {isa = PBXFileReference; lastKnownFileType = wrapper.framework; name = AppKit.framework; path = /System/Library/Frameworks/AppKit.framework; sourceTree = "<absolute>"; };
		29B97325FDCFA39411CA2CEA /* Foundation.framework */ = {isa = PBXFileReference; lastKnownFileType = wrapper.framework; name = Foundation.framework; path = /System/Library/Frameworks/Foundation.framework; sourceTree = "<absolute>"; };
		32CA4F630368D1EE00C91783 /* pomodoro_Prefix.pch */ = {isa = PBXFileReference; fileEncoding = 4; lastKnownFileType = sourcecode.c.h; path = pomodoro_Prefix.pch; sourceTree = "<group>"; };
		69037EEE1015E8B7006C58D5 /* about.html */ = {isa = PBXFileReference; fileEncoding = 4; lastKnownFileType = text.html; path = about.html; sourceTree = "<group>"; };
		6906DCAD0FE233F600A0A0F4 /* pomodoroFreeze.png */ = {isa = PBXFileReference; lastKnownFileType = image.png; path = pomodoroFreeze.png; sourceTree = "<group>"; };
		6906DCAE0FE233F600A0A0F4 /* pomodoroBreak.png */ = {isa = PBXFileReference; lastKnownFileType = image.png; path = pomodoroBreak.png; sourceTree = "<group>"; };
		692148B50FCF47740016B59D /* Growl.framework */ = {isa = PBXFileReference; lastKnownFileType = wrapper.framework; path = Growl.framework; sourceTree = "<group>"; };
		69406D6B0FEFB811007E3D80 /* PomodoroDefaults.h */ = {isa = PBXFileReference; fileEncoding = 4; lastKnownFileType = sourcecode.c.h; path = PomodoroDefaults.h; sourceTree = "<group>"; };
		69406D6C0FEFB811007E3D80 /* PomodoroDefaults.m */ = {isa = PBXFileReference; fileEncoding = 4; lastKnownFileType = sourcecode.c.objc; path = PomodoroDefaults.m; sourceTree = "<group>"; };
		69509E370FCFF56A00BD19B5 /* Pomodoros.xcdatamodel */ = {isa = PBXFileReference; fileEncoding = 4; lastKnownFileType = wrapper.xcdatamodel; path = Pomodoros.xcdatamodel; sourceTree = "<group>"; };
		69563A6E0FC9CC83004AC179 /* PomodoroStats.h */ = {isa = PBXFileReference; fileEncoding = 4; lastKnownFileType = sourcecode.c.h; path = PomodoroStats.h; sourceTree = "<group>"; };
		69563A6F0FC9CC83004AC179 /* PomodoroStats.m */ = {isa = PBXFileReference; fileEncoding = 4; lastKnownFileType = sourcecode.c.objc; path = PomodoroStats.m; sourceTree = "<group>"; };
		69576B060FDC534E007C33E9 /* Sparkle.framework */ = {isa = PBXFileReference; lastKnownFileType = wrapper.framework; path = Sparkle.framework; sourceTree = "<group>"; };
		69576B320FDC5BE9007C33E9 /* dsa_pub.pem */ = {isa = PBXFileReference; fileEncoding = 4; lastKnownFileType = text; path = dsa_pub.pem; sourceTree = "<group>"; };
		6968AF110FD950AE00028CE6 /* Carbon.framework */ = {isa = PBXFileReference; lastKnownFileType = wrapper.framework; name = Carbon.framework; path = /System/Library/Frameworks/Carbon.framework; sourceTree = "<absolute>"; };
		697BF29F102EFCB100F11AF0 /* green.png */ = {isa = PBXFileReference; lastKnownFileType = image.png; path = green.png; sourceTree = "<group>"; };
		697BF2A0102EFCB100F11AF0 /* red.png */ = {isa = PBXFileReference; lastKnownFileType = image.png; path = red.png; sourceTree = "<group>"; };
		69866C6A102DC544005666F6 /* MGTwitterEngineGlobalHeader.h */ = {isa = PBXFileReference; fileEncoding = 4; lastKnownFileType = sourcecode.c.h; path = MGTwitterEngineGlobalHeader.h; sourceTree = "<group>"; };
		69866C6B102DC544005666F6 /* MGTwitterEngine.h */ = {isa = PBXFileReference; fileEncoding = 4; lastKnownFileType = sourcecode.c.h; path = MGTwitterEngine.h; sourceTree = "<group>"; };
		69866C6C102DC544005666F6 /* MGTwitterEngine.m */ = {isa = PBXFileReference; fileEncoding = 4; lastKnownFileType = sourcecode.c.objc; path = MGTwitterEngine.m; sourceTree = "<group>"; };
		69866C6D102DC544005666F6 /* MGTwitterEngineDelegate.h */ = {isa = PBXFileReference; fileEncoding = 4; lastKnownFileType = sourcecode.c.h; path = MGTwitterEngineDelegate.h; sourceTree = "<group>"; };
		69866C6E102DC544005666F6 /* MGTwitterHTTPURLConnection.h */ = {isa = PBXFileReference; fileEncoding = 4; lastKnownFileType = sourcecode.c.h; path = MGTwitterHTTPURLConnection.h; sourceTree = "<group>"; };
		69866C6F102DC544005666F6 /* MGTwitterHTTPURLConnection.m */ = {isa = PBXFileReference; fileEncoding = 4; lastKnownFileType = sourcecode.c.objc; path = MGTwitterHTTPURLConnection.m; sourceTree = "<group>"; };
		69866C70102DC544005666F6 /* MGTwitterRequestTypes.h */ = {isa = PBXFileReference; fileEncoding = 4; lastKnownFileType = sourcecode.c.h; path = MGTwitterRequestTypes.h; sourceTree = "<group>"; };
		69866C72102DC544005666F6 /* MGTwitterLibXMLParser.h */ = {isa = PBXFileReference; fileEncoding = 4; lastKnownFileType = sourcecode.c.h; path = MGTwitterLibXMLParser.h; sourceTree = "<group>"; };
		69866C73102DC544005666F6 /* MGTwitterLibXMLParser.m */ = {isa = PBXFileReference; fileEncoding = 4; lastKnownFileType = sourcecode.c.objc; path = MGTwitterLibXMLParser.m; sourceTree = "<group>"; };
		69866C74102DC544005666F6 /* MGTwitterStatusesLibXMLParser.h */ = {isa = PBXFileReference; fileEncoding = 4; lastKnownFileType = sourcecode.c.h; path = MGTwitterStatusesLibXMLParser.h; sourceTree = "<group>"; };
		69866C75102DC544005666F6 /* MGTwitterStatusesLibXMLParser.m */ = {isa = PBXFileReference; fileEncoding = 4; lastKnownFileType = sourcecode.c.objc; path = MGTwitterStatusesLibXMLParser.m; sourceTree = "<group>"; };
		69866C76102DC544005666F6 /* MGTwitterUsersLibXMLParser.h */ = {isa = PBXFileReference; fileEncoding = 4; lastKnownFileType = sourcecode.c.h; path = MGTwitterUsersLibXMLParser.h; sourceTree = "<group>"; };
		69866C77102DC544005666F6 /* MGTwitterUsersLibXMLParser.m */ = {isa = PBXFileReference; fileEncoding = 4; lastKnownFileType = sourcecode.c.objc; path = MGTwitterUsersLibXMLParser.m; sourceTree = "<group>"; };
		69866C78102DC544005666F6 /* MGTwitterMessagesLibXMLParser.h */ = {isa = PBXFileReference; fileEncoding = 4; lastKnownFileType = sourcecode.c.h; path = MGTwitterMessagesLibXMLParser.h; sourceTree = "<group>"; };
		69866C79102DC544005666F6 /* MGTwitterMessagesLibXMLParser.m */ = {isa = PBXFileReference; fileEncoding = 4; lastKnownFileType = sourcecode.c.objc; path = MGTwitterMessagesLibXMLParser.m; sourceTree = "<group>"; };
		69866C7A102DC544005666F6 /* MGTwitterMiscLibXMLParser.h */ = {isa = PBXFileReference; fileEncoding = 4; lastKnownFileType = sourcecode.c.h; path = MGTwitterMiscLibXMLParser.h; sourceTree = "<group>"; };
		69866C7B102DC544005666F6 /* MGTwitterMiscLibXMLParser.m */ = {isa = PBXFileReference; fileEncoding = 4; lastKnownFileType = sourcecode.c.objc; path = MGTwitterMiscLibXMLParser.m; sourceTree = "<group>"; };
		69866C7D102DC545005666F6 /* MGTwitterXMLParser.h */ = {isa = PBXFileReference; fileEncoding = 4; lastKnownFileType = sourcecode.c.h; path = MGTwitterXMLParser.h; sourceTree = "<group>"; };
		69866C7E102DC545005666F6 /* MGTwitterXMLParser.m */ = {isa = PBXFileReference; fileEncoding = 4; lastKnownFileType = sourcecode.c.objc; path = MGTwitterXMLParser.m; sourceTree = "<group>"; };
		69866C7F102DC545005666F6 /* MGTwitterParserDelegate.h */ = {isa = PBXFileReference; fileEncoding = 4; lastKnownFileType = sourcecode.c.h; path = MGTwitterParserDelegate.h; sourceTree = "<group>"; };
		69866C80102DC545005666F6 /* MGTwitterStatusesParser.h */ = {isa = PBXFileReference; fileEncoding = 4; lastKnownFileType = sourcecode.c.h; path = MGTwitterStatusesParser.h; sourceTree = "<group>"; };
		69866C81102DC545005666F6 /* MGTwitterStatusesParser.m */ = {isa = PBXFileReference; fileEncoding = 4; lastKnownFileType = sourcecode.c.objc; path = MGTwitterStatusesParser.m; sourceTree = "<group>"; };
		69866C82102DC545005666F6 /* MGTwitterUsersParser.h */ = {isa = PBXFileReference; fileEncoding = 4; lastKnownFileType = sourcecode.c.h; path = MGTwitterUsersParser.h; sourceTree = "<group>"; };
		69866C83102DC545005666F6 /* MGTwitterUsersParser.m */ = {isa = PBXFileReference; fileEncoding = 4; lastKnownFileType = sourcecode.c.objc; path = MGTwitterUsersParser.m; sourceTree = "<group>"; };
		69866C84102DC545005666F6 /* MGTwitterMessagesParser.h */ = {isa = PBXFileReference; fileEncoding = 4; lastKnownFileType = sourcecode.c.h; path = MGTwitterMessagesParser.h; sourceTree = "<group>"; };
		69866C85102DC545005666F6 /* MGTwitterMessagesParser.m */ = {isa = PBXFileReference; fileEncoding = 4; lastKnownFileType = sourcecode.c.objc; path = MGTwitterMessagesParser.m; sourceTree = "<group>"; };
		69866C86102DC545005666F6 /* MGTwitterMiscParser.h */ = {isa = PBXFileReference; fileEncoding = 4; lastKnownFileType = sourcecode.c.h; path = MGTwitterMiscParser.h; sourceTree = "<group>"; };
		69866C87102DC545005666F6 /* MGTwitterMiscParser.m */ = {isa = PBXFileReference; fileEncoding = 4; lastKnownFileType = sourcecode.c.objc; path = MGTwitterMiscParser.m; sourceTree = "<group>"; };
		69866C89102DC545005666F6 /* NSString+UUID.h */ = {isa = PBXFileReference; fileEncoding = 4; lastKnownFileType = sourcecode.c.h; path = "NSString+UUID.h"; sourceTree = "<group>"; };
		69866C8A102DC545005666F6 /* NSString+UUID.m */ = {isa = PBXFileReference; fileEncoding = 4; lastKnownFileType = sourcecode.c.objc; path = "NSString+UUID.m"; sourceTree = "<group>"; };
		69866C8B102DC545005666F6 /* NSData+Base64.h */ = {isa = PBXFileReference; fileEncoding = 4; lastKnownFileType = sourcecode.c.h; path = "NSData+Base64.h"; sourceTree = "<group>"; };
		69866C8C102DC545005666F6 /* NSData+Base64.m */ = {isa = PBXFileReference; fileEncoding = 4; lastKnownFileType = sourcecode.c.objc; path = "NSData+Base64.m"; sourceTree = "<group>"; };
		6986976D0FDB3B03006281E8 /* tick.wav */ = {isa = PBXFileReference; lastKnownFileType = audio.wav; path = tick.wav; sourceTree = "<group>"; };
		69885A470FD3FD770020D132 /* BGHUDAppKit.framework */ = {isa = PBXFileReference; lastKnownFileType = wrapper.framework; path = BGHUDAppKit.framework; sourceTree = "<group>"; };
		69B1A36C0FC96D22009B0ACF /* GrowlNotifier.h */ = {isa = PBXFileReference; fileEncoding = 4; lastKnownFileType = sourcecode.c.h; path = GrowlNotifier.h; sourceTree = "<group>"; };
		69B1A36D0FC96D22009B0ACF /* GrowlNotifier.m */ = {isa = PBXFileReference; fileEncoding = 4; lastKnownFileType = sourcecode.c.objc; path = GrowlNotifier.m; sourceTree = "<group>"; };
		69B1A36E0FC96D22009B0ACF /* Pomodoro.h */ = {isa = PBXFileReference; fileEncoding = 4; lastKnownFileType = sourcecode.c.h; path = Pomodoro.h; sourceTree = "<group>"; };
		69B1A36F0FC96D22009B0ACF /* Pomodoro.m */ = {isa = PBXFileReference; fileEncoding = 4; lastKnownFileType = sourcecode.c.objc; path = Pomodoro.m; sourceTree = "<group>"; };
		69B1A3700FC96D22009B0ACF /* AboutController.h */ = {isa = PBXFileReference; fileEncoding = 4; lastKnownFileType = sourcecode.c.h; path = AboutController.h; sourceTree = "<group>"; };
		69B1A3710FC96D22009B0ACF /* AboutController.m */ = {isa = PBXFileReference; fileEncoding = 4; lastKnownFileType = sourcecode.c.objc; path = AboutController.m; sourceTree = "<group>"; };
		69B1A3720FC96D22009B0ACF /* StatsController.h */ = {isa = PBXFileReference; fileEncoding = 4; lastKnownFileType = sourcecode.c.h; path = StatsController.h; sourceTree = "<group>"; };
		69B1A3730FC96D22009B0ACF /* StatsController.m */ = {isa = PBXFileReference; fileEncoding = 4; lastKnownFileType = sourcecode.c.objc; path = StatsController.m; sourceTree = "<group>"; };
		69B1A37A0FC96D63009B0ACF /* ring.wav */ = {isa = PBXFileReference; lastKnownFileType = audio.wav; path = ring.wav; sourceTree = "<group>"; };
		69B1A37C0FC96D6E009B0ACF /* icon.icns */ = {isa = PBXFileReference; lastKnownFileType = image.icns; path = icon.icns; sourceTree = "<group>"; };
		69B1A37D0FC96D6E009B0ACF /* pomodoro.png */ = {isa = PBXFileReference; lastKnownFileType = image.png; path = pomodoro.png; sourceTree = "<group>"; };
		69B1A3800FC96D96009B0ACF /* About.xib */ = {isa = PBXFileReference; lastKnownFileType = file.xib; path = About.xib; sourceTree = "<group>"; };
		69B1A3810FC96D96009B0ACF /* Stats.xib */ = {isa = PBXFileReference; lastKnownFileType = file.xib; path = Stats.xib; sourceTree = "<group>"; };
		69B1A4400FC96FFD009B0ACF /* PomodoroController.h */ = {isa = PBXFileReference; fileEncoding = 4; lastKnownFileType = sourcecode.c.h; path = PomodoroController.h; sourceTree = "<group>"; };
		69B1A4410FC96FFD009B0ACF /* PomodoroController.m */ = {isa = PBXFileReference; fileEncoding = 4; lastKnownFileType = sourcecode.c.objc; path = PomodoroController.m; sourceTree = "<group>"; };
		69D955630FED0EB1003CBDA8 /* DurationFormatter.h */ = {isa = PBXFileReference; fileEncoding = 4; lastKnownFileType = sourcecode.c.h; path = DurationFormatter.h; sourceTree = "<group>"; };
		69D955640FED0EB1003CBDA8 /* DurationFormatter.m */ = {isa = PBXFileReference; fileEncoding = 4; lastKnownFileType = sourcecode.c.objc; path = DurationFormatter.m; sourceTree = "<group>"; };
		69DC1F900FD5C60B005F3F6B /* PomodoroArrayController.h */ = {isa = PBXFileReference; fileEncoding = 4; lastKnownFileType = sourcecode.c.h; path = PomodoroArrayController.h; sourceTree = "<group>"; };
		69DC1F910FD5C60B005F3F6B /* PomodoroArrayController.m */ = {isa = PBXFileReference; fileEncoding = 4; lastKnownFileType = sourcecode.c.objc; path = PomodoroArrayController.m; sourceTree = "<group>"; };
		69DE0717102AEE6600670B79 /* libxml2.dylib */ = {isa = PBXFileReference; lastKnownFileType = "compiled.mach-o.dylib"; name = libxml2.dylib; path = /usr/lib/libxml2.dylib; sourceTree = "<absolute>"; };
		69DE073E102AF7DC00670B79 /* twitter.png */ = {isa = PBXFileReference; lastKnownFileType = image.png; path = twitter.png; sourceTree = "<group>"; };
		69E4CCC7101B214C00FCC33C /* Binder.h */ = {isa = PBXFileReference; fileEncoding = 4; lastKnownFileType = sourcecode.c.h; path = Binder.h; sourceTree = "<group>"; };
		69E4CCC8101B214C00FCC33C /* Binder.m */ = {isa = PBXFileReference; fileEncoding = 4; lastKnownFileType = sourcecode.c.objc; path = Binder.m; sourceTree = "<group>"; };
		8D1107310486CEB800E47090 /* Info.plist */ = {isa = PBXFileReference; fileEncoding = 4; lastKnownFileType = text.plist.xml; path = Info.plist; sourceTree = "<group>"; };
		8D1107320486CEB800E47090 /* pomodoro.app */ = {isa = PBXFileReference; explicitFileType = wrapper.application; includeInIndex = 0; path = pomodoro.app; sourceTree = BUILT_PRODUCTS_DIR; };
/* End PBXFileReference section */

/* Begin PBXFrameworksBuildPhase section */
		8D11072E0486CEB800E47090 /* Frameworks */ = {
			isa = PBXFrameworksBuildPhase;
			buildActionMask = 2147483647;
			files = (
				8D11072F0486CEB800E47090 /* Cocoa.framework in Frameworks */,
				692148B60FCF47740016B59D /* Growl.framework in Frameworks */,
				69885A480FD3FD770020D132 /* BGHUDAppKit.framework in Frameworks */,
				6968AF120FD950AE00028CE6 /* Carbon.framework in Frameworks */,
				69576B070FDC534E007C33E9 /* Sparkle.framework in Frameworks */,
				69DE0718102AEE6600670B79 /* libxml2.dylib in Frameworks */,
			);
			runOnlyForDeploymentPostprocessing = 0;
		};
/* End PBXFrameworksBuildPhase section */

/* Begin PBXGroup section */
		080E96DDFE201D6D7F000001 /* Classes */ = {
			isa = PBXGroup;
			children = (
				69866C69102DC544005666F6 /* MATwitterEngine */,
				69563A750FC9CCDB004AC179 /* Controller */,
				69563A740FC9CCCF004AC179 /* Helper */,
				69563A730FC9CCBB004AC179 /* Pomodoro */,
			);
			name = Classes;
			sourceTree = "<group>";
		};
		1058C7A0FEA54F0111CA2CBB /* Linked Frameworks */ = {
			isa = PBXGroup;
			children = (
				69576B060FDC534E007C33E9 /* Sparkle.framework */,
				6968AF110FD950AE00028CE6 /* Carbon.framework */,
				1058C7A1FEA54F0111CA2CBB /* Cocoa.framework */,
			);
			name = "Linked Frameworks";
			sourceTree = "<group>";
		};
		1058C7A2FEA54F0111CA2CBB /* Other Frameworks */ = {
			isa = PBXGroup;
			children = (
				69DE0717102AEE6600670B79 /* libxml2.dylib */,
				29B97324FDCFA39411CA2CEA /* AppKit.framework */,
				13E42FB307B3F0F600E4EEF1 /* CoreData.framework */,
				29B97325FDCFA39411CA2CEA /* Foundation.framework */,
			);
			name = "Other Frameworks";
			sourceTree = "<group>";
		};
		19C28FACFE9D520D11CA2CBB /* Products */ = {
			isa = PBXGroup;
			children = (
				8D1107320486CEB800E47090 /* pomodoro.app */,
			);
			name = Products;
			sourceTree = "<group>";
		};
		29B97314FDCFA39411CA2CEA /* pomodoro */ = {
			isa = PBXGroup;
			children = (
				080E96DDFE201D6D7F000001 /* Classes */,
				29B97315FDCFA39411CA2CEA /* Other Sources */,
				29B97317FDCFA39411CA2CEA /* Resources */,
				29B97323FDCFA39411CA2CEA /* Frameworks */,
				19C28FACFE9D520D11CA2CBB /* Products */,
			);
			name = pomodoro;
			sourceTree = "<group>";
		};
		29B97315FDCFA39411CA2CEA /* Other Sources */ = {
			isa = PBXGroup;
			children = (
				32CA4F630368D1EE00C91783 /* pomodoro_Prefix.pch */,
				29B97316FDCFA39411CA2CEA /* main.m */,
			);
			name = "Other Sources";
			sourceTree = "<group>";
		};
		29B97317FDCFA39411CA2CEA /* Resources */ = {
			isa = PBXGroup;
			children = (
				697BF29F102EFCB100F11AF0 /* green.png */,
				697BF2A0102EFCB100F11AF0 /* red.png */,
				69DE073E102AF7DC00670B79 /* twitter.png */,
				1DDD58140DA1D0A300B32029 /* MainMenu.xib */,
				69B1A3800FC96D96009B0ACF /* About.xib */,
				69B1A3810FC96D96009B0ACF /* Stats.xib */,
				6906DCAD0FE233F600A0A0F4 /* pomodoroFreeze.png */,
				6906DCAE0FE233F600A0A0F4 /* pomodoroBreak.png */,
				69576B320FDC5BE9007C33E9 /* dsa_pub.pem */,
				6986976D0FDB3B03006281E8 /* tick.wav */,
				69B1A37C0FC96D6E009B0ACF /* icon.icns */,
				69B1A37D0FC96D6E009B0ACF /* pomodoro.png */,
				69B1A37A0FC96D63009B0ACF /* ring.wav */,
				8D1107310486CEB800E47090 /* Info.plist */,
				089C165CFE840E0CC02AAC07 /* InfoPlist.strings */,
				69037EEE1015E8B7006C58D5 /* about.html */,
			);
			name = Resources;
			sourceTree = "<group>";
		};
		29B97323FDCFA39411CA2CEA /* Frameworks */ = {
			isa = PBXGroup;
			children = (
				69885A470FD3FD770020D132 /* BGHUDAppKit.framework */,
				692148B50FCF47740016B59D /* Growl.framework */,
				1058C7A0FEA54F0111CA2CBB /* Linked Frameworks */,
				1058C7A2FEA54F0111CA2CBB /* Other Frameworks */,
			);
			name = Frameworks;
			sourceTree = "<group>";
		};
		69563A730FC9CCBB004AC179 /* Pomodoro */ = {
			isa = PBXGroup;
			children = (
				69B1A36E0FC96D22009B0ACF /* Pomodoro.h */,
				69B1A36F0FC96D22009B0ACF /* Pomodoro.m */,
				69563A6E0FC9CC83004AC179 /* PomodoroStats.h */,
				69563A6F0FC9CC83004AC179 /* PomodoroStats.m */,
				69509E370FCFF56A00BD19B5 /* Pomodoros.xcdatamodel */,
			);
			name = Pomodoro;
			sourceTree = "<group>";
		};
		69563A740FC9CCCF004AC179 /* Helper */ = {
			isa = PBXGroup;
			children = (
				69D955630FED0EB1003CBDA8 /* DurationFormatter.h */,
				69D955640FED0EB1003CBDA8 /* DurationFormatter.m */,
				69406D6B0FEFB811007E3D80 /* PomodoroDefaults.h */,
				69406D6C0FEFB811007E3D80 /* PomodoroDefaults.m */,
				69B1A36C0FC96D22009B0ACF /* GrowlNotifier.h */,
				69B1A36D0FC96D22009B0ACF /* GrowlNotifier.m */,
				69E4CCC7101B214C00FCC33C /* Binder.h */,
				69E4CCC8101B214C00FCC33C /* Binder.m */,
			);
			name = Helper;
			sourceTree = "<group>";
		};
		69563A750FC9CCDB004AC179 /* Controller */ = {
			isa = PBXGroup;
			children = (
				69B1A4400FC96FFD009B0ACF /* PomodoroController.h */,
				69B1A4410FC96FFD009B0ACF /* PomodoroController.m */,
				69B1A3700FC96D22009B0ACF /* AboutController.h */,
				69B1A3710FC96D22009B0ACF /* AboutController.m */,
				69B1A3720FC96D22009B0ACF /* StatsController.h */,
				69B1A3730FC96D22009B0ACF /* StatsController.m */,
				69DC1F900FD5C60B005F3F6B /* PomodoroArrayController.h */,
				69DC1F910FD5C60B005F3F6B /* PomodoroArrayController.m */,
			);
			name = Controller;
			sourceTree = "<group>";
		};
		69866C69102DC544005666F6 /* MATwitterEngine */ = {
			isa = PBXGroup;
			children = (
				69866C88102DC545005666F6 /* Categories */,
				69866C7C102DC544005666F6 /* Twitter NSXML Parsers */,
				69866C71102DC544005666F6 /* Twitter LibXML Parsers */,
				69866C6A102DC544005666F6 /* MGTwitterEngineGlobalHeader.h */,
				69866C6B102DC544005666F6 /* MGTwitterEngine.h */,
				69866C6C102DC544005666F6 /* MGTwitterEngine.m */,
				69866C6D102DC544005666F6 /* MGTwitterEngineDelegate.h */,
				69866C6E102DC544005666F6 /* MGTwitterHTTPURLConnection.h */,
				69866C6F102DC544005666F6 /* MGTwitterHTTPURLConnection.m */,
				69866C70102DC544005666F6 /* MGTwitterRequestTypes.h */,
			);
			name = MATwitterEngine;
			sourceTree = "<group>";
		};
		69866C71102DC544005666F6 /* Twitter LibXML Parsers */ = {
			isa = PBXGroup;
			children = (
				69866C72102DC544005666F6 /* MGTwitterLibXMLParser.h */,
				69866C73102DC544005666F6 /* MGTwitterLibXMLParser.m */,
				69866C74102DC544005666F6 /* MGTwitterStatusesLibXMLParser.h */,
				69866C75102DC544005666F6 /* MGTwitterStatusesLibXMLParser.m */,
				69866C76102DC544005666F6 /* MGTwitterUsersLibXMLParser.h */,
				69866C77102DC544005666F6 /* MGTwitterUsersLibXMLParser.m */,
				69866C78102DC544005666F6 /* MGTwitterMessagesLibXMLParser.h */,
				69866C79102DC544005666F6 /* MGTwitterMessagesLibXMLParser.m */,
				69866C7A102DC544005666F6 /* MGTwitterMiscLibXMLParser.h */,
				69866C7B102DC544005666F6 /* MGTwitterMiscLibXMLParser.m */,
			);
			name = "Twitter LibXML Parsers";
			sourceTree = "<group>";
		};
		69866C7C102DC544005666F6 /* Twitter NSXML Parsers */ = {
			isa = PBXGroup;
			children = (
				69866C7D102DC545005666F6 /* MGTwitterXMLParser.h */,
				69866C7E102DC545005666F6 /* MGTwitterXMLParser.m */,
				69866C7F102DC545005666F6 /* MGTwitterParserDelegate.h */,
				69866C80102DC545005666F6 /* MGTwitterStatusesParser.h */,
				69866C81102DC545005666F6 /* MGTwitterStatusesParser.m */,
				69866C82102DC545005666F6 /* MGTwitterUsersParser.h */,
				69866C83102DC545005666F6 /* MGTwitterUsersParser.m */,
				69866C84102DC545005666F6 /* MGTwitterMessagesParser.h */,
				69866C85102DC545005666F6 /* MGTwitterMessagesParser.m */,
				69866C86102DC545005666F6 /* MGTwitterMiscParser.h */,
				69866C87102DC545005666F6 /* MGTwitterMiscParser.m */,
			);
			name = "Twitter NSXML Parsers";
			sourceTree = "<group>";
		};
		69866C88102DC545005666F6 /* Categories */ = {
			isa = PBXGroup;
			children = (
				69866C89102DC545005666F6 /* NSString+UUID.h */,
				69866C8A102DC545005666F6 /* NSString+UUID.m */,
				69866C8B102DC545005666F6 /* NSData+Base64.h */,
				69866C8C102DC545005666F6 /* NSData+Base64.m */,
			);
			name = Categories;
			sourceTree = "<group>";
		};
/* End PBXGroup section */

/* Begin PBXNativeTarget section */
		8D1107260486CEB800E47090 /* pomodoro */ = {
			isa = PBXNativeTarget;
			buildConfigurationList = C01FCF4A08A954540054247B /* Build configuration list for PBXNativeTarget "pomodoro" */;
			buildPhases = (
				8D1107290486CEB800E47090 /* Resources */,
				8D11072C0486CEB800E47090 /* Sources */,
				8D11072E0486CEB800E47090 /* Frameworks */,
				69B1A3AB0FC96E85009B0ACF /* CopyFiles */,
				69563BC80FC9F1EE004AC179 /* ShellScript */,
			);
			buildRules = (
			);
			dependencies = (
			);
			name = pomodoro;
			productInstallPath = "$(HOME)/Applications";
			productName = pomodoro;
			productReference = 8D1107320486CEB800E47090 /* pomodoro.app */;
			productType = "com.apple.product-type.application";
		};
/* End PBXNativeTarget section */

/* Begin PBXProject section */
		29B97313FDCFA39411CA2CEA /* Project object */ = {
			isa = PBXProject;
			buildConfigurationList = C01FCF4E08A954540054247B /* Build configuration list for PBXProject "pomodoro" */;
			compatibilityVersion = "Xcode 3.1";
			hasScannedForEncodings = 1;
			mainGroup = 29B97314FDCFA39411CA2CEA /* pomodoro */;
			projectDirPath = "";
			projectRoot = "";
			targets = (
				8D1107260486CEB800E47090 /* pomodoro */,
			);
		};
/* End PBXProject section */

/* Begin PBXResourcesBuildPhase section */
		8D1107290486CEB800E47090 /* Resources */ = {
			isa = PBXResourcesBuildPhase;
			buildActionMask = 2147483647;
			files = (
				8D11072B0486CEB800E47090 /* InfoPlist.strings in Resources */,
				1DDD58160DA1D0A300B32029 /* MainMenu.xib in Resources */,
				69B1A37B0FC96D63009B0ACF /* ring.wav in Resources */,
				69B1A37E0FC96D6E009B0ACF /* icon.icns in Resources */,
				69B1A37F0FC96D6E009B0ACF /* pomodoro.png in Resources */,
				69B1A3820FC96D96009B0ACF /* About.xib in Resources */,
				69B1A3830FC96D96009B0ACF /* Stats.xib in Resources */,
				6986976E0FDB3B03006281E8 /* tick.wav in Resources */,
				69576B330FDC5BE9007C33E9 /* dsa_pub.pem in Resources */,
				6906DCAF0FE233F600A0A0F4 /* pomodoroFreeze.png in Resources */,
				6906DCB00FE233F600A0A0F4 /* pomodoroBreak.png in Resources */,
				69037EEF1015E8B7006C58D5 /* about.html in Resources */,
				69DE073F102AF7DC00670B79 /* twitter.png in Resources */,
				697BF2A1102EFCB100F11AF0 /* green.png in Resources */,
				697BF2A2102EFCB100F11AF0 /* red.png in Resources */,
			);
			runOnlyForDeploymentPostprocessing = 0;
		};
/* End PBXResourcesBuildPhase section */

/* Begin PBXShellScriptBuildPhase section */
		69563BC80FC9F1EE004AC179 /* ShellScript */ = {
			isa = PBXShellScriptBuildPhase;
			buildActionMask = 2147483647;
			files = (
			);
			inputPaths = (
			);
			outputPaths = (
			);
			runOnlyForDeploymentPostprocessing = 0;
			shellPath = /bin/sh;
			shellScript = "rm -fR \"${CONFIGURATION_BUILD_DIR}/${WRAPPER_NAME}/Contents/Frameworks/BGHUDAppKit.framework/Versions/Current/Resources\"";
		};
/* End PBXShellScriptBuildPhase section */

/* Begin PBXSourcesBuildPhase section */
		8D11072C0486CEB800E47090 /* Sources */ = {
			isa = PBXSourcesBuildPhase;
			buildActionMask = 2147483647;
			files = (
				8D11072D0486CEB800E47090 /* main.m in Sources */,
				69B1A3740FC96D22009B0ACF /* GrowlNotifier.m in Sources */,
				69B1A3750FC96D22009B0ACF /* Pomodoro.m in Sources */,
				69B1A3760FC96D22009B0ACF /* AboutController.m in Sources */,
				69B1A3770FC96D22009B0ACF /* StatsController.m in Sources */,
				69B1A4420FC96FFD009B0ACF /* PomodoroController.m in Sources */,
				69563A700FC9CC83004AC179 /* PomodoroStats.m in Sources */,
				69509E380FCFF56A00BD19B5 /* Pomodoros.xcdatamodel in Sources */,
				69DC1F920FD5C60B005F3F6B /* PomodoroArrayController.m in Sources */,
				69D955650FED0EB1003CBDA8 /* DurationFormatter.m in Sources */,
				69406D6D0FEFB811007E3D80 /* PomodoroDefaults.m in Sources */,
				69E4CCC9101B214C00FCC33C /* Binder.m in Sources */,
				69866C8D102DC545005666F6 /* MGTwitterEngine.m in Sources */,
				69866C8E102DC545005666F6 /* MGTwitterHTTPURLConnection.m in Sources */,
				69866C8F102DC545005666F6 /* MGTwitterLibXMLParser.m in Sources */,
				69866C90102DC545005666F6 /* MGTwitterStatusesLibXMLParser.m in Sources */,
				69866C91102DC545005666F6 /* MGTwitterUsersLibXMLParser.m in Sources */,
				69866C92102DC545005666F6 /* MGTwitterMessagesLibXMLParser.m in Sources */,
				69866C93102DC545005666F6 /* MGTwitterMiscLibXMLParser.m in Sources */,
				69866C94102DC545005666F6 /* MGTwitterXMLParser.m in Sources */,
				69866C95102DC545005666F6 /* MGTwitterStatusesParser.m in Sources */,
				69866C96102DC545005666F6 /* MGTwitterUsersParser.m in Sources */,
				69866C97102DC545005666F6 /* MGTwitterMessagesParser.m in Sources */,
				69866C98102DC545005666F6 /* MGTwitterMiscParser.m in Sources */,
				69866C99102DC545005666F6 /* NSString+UUID.m in Sources */,
				69866C9A102DC545005666F6 /* NSData+Base64.m in Sources */,
			);
			runOnlyForDeploymentPostprocessing = 0;
		};
/* End PBXSourcesBuildPhase section */

/* Begin PBXVariantGroup section */
		089C165CFE840E0CC02AAC07 /* InfoPlist.strings */ = {
			isa = PBXVariantGroup;
			children = (
				089C165DFE840E0CC02AAC07 /* English */,
			);
			name = InfoPlist.strings;
			sourceTree = "<group>";
		};
		1DDD58140DA1D0A300B32029 /* MainMenu.xib */ = {
			isa = PBXVariantGroup;
			children = (
				1DDD58150DA1D0A300B32029 /* English */,
			);
			name = MainMenu.xib;
			sourceTree = "<group>";
		};
/* End PBXVariantGroup section */

/* Begin XCBuildConfiguration section */
		C01FCF4B08A954540054247B /* Debug */ = {
			isa = XCBuildConfiguration;
			buildSettings = {
				ALWAYS_SEARCH_USER_PATHS = NO;
				ARCHS = "$(NATIVE_ARCH)";
				COPY_PHASE_STRIP = NO;
				FRAMEWORK_SEARCH_PATHS = (
					"$(inherited)",
					"\"$(SRCROOT)\"",
					"\"$(SRCROOT)/../../../Files/technology/software/bghud/bghudappkit-read-only/build/Release\"",
					"\"$(SRCROOT)/../../../../Desktop/tmp/growl SDK\"",
					"\"$(SRCROOT)/../../../Files/technology/software/bghud/bghudappkit-read-only/build/Debug\"",
				);
				GCC_DYNAMIC_NO_PIC = NO;
				GCC_ENABLE_FIX_AND_CONTINUE = YES;
				GCC_MODEL_TUNING = G5;
				GCC_OPTIMIZATION_LEVEL = 0;
				GCC_PRECOMPILE_PREFIX_HEADER = YES;
				GCC_PREFIX_HEADER = pomodoro_Prefix.pch;
				INFOPLIST_FILE = Info.plist;
				INSTALL_PATH = "$(HOME)/Applications";
				LIBRARY_SEARCH_PATHS = (
					"$(inherited)",
					"\"$(SRCROOT)/MGTwitter\"",
					/opt/local/lib,
					"\"$(SRCROOT)\"",
				);
				PRODUCT_NAME = pomodoro;
			};
			name = Debug;
		};
		C01FCF4C08A954540054247B /* Release */ = {
			isa = XCBuildConfiguration;
			buildSettings = {
				ALWAYS_SEARCH_USER_PATHS = YES;
				DEBUG_INFORMATION_FORMAT = "dwarf-with-dsym";
				FRAMEWORK_SEARCH_PATHS = (
					"$(inherited)",
					"\"$(SRCROOT)\"",
					"\"$(SRCROOT)/../../../Files/technology/software/bghud/bghudappkit-read-only/build/Release\"",
					"\"$(SRCROOT)/../../../../Desktop/tmp/growl SDK\"",
					"\"$(SRCROOT)/../../../Files/technology/software/bghud/bghudappkit-read-only/build/Debug\"",
				);
				GCC_MODEL_TUNING = G5;
				GCC_PRECOMPILE_PREFIX_HEADER = YES;
				GCC_PREFIX_HEADER = pomodoro_Prefix.pch;
				HEADER_SEARCH_PATHS = /usr/include/libxml2;
				INFOPLIST_FILE = Info.plist;
				INSTALL_PATH = "$(HOME)/Applications";
				LIBRARY_SEARCH_PATHS = (
					"$(inherited)",
					"\"$(SRCROOT)/MGTwitter\"",
					"\"$(SRCROOT)\"",
				);
				PRODUCT_NAME = pomodoro;
			};
			name = Release;
		};
		C01FCF4F08A954540054247B /* Debug */ = {
			isa = XCBuildConfiguration;
			buildSettings = {
				ARCHS = "$(ARCHS_STANDARD_32_BIT)";
				GCC_C_LANGUAGE_STANDARD = c99;
				GCC_OPTIMIZATION_LEVEL = 0;
				GCC_WARN_ABOUT_RETURN_TYPE = YES;
				GCC_WARN_UNUSED_VARIABLE = YES;
				ONLY_ACTIVE_ARCH = YES;
				PREBINDING = NO;
				SDKROOT = macosx10.5;
			};
			name = Debug;
		};
		C01FCF5008A954540054247B /* Release */ = {
			isa = XCBuildConfiguration;
			buildSettings = {
				ARCHS = "$(ARCHS_STANDARD_32_BIT)";
				COPY_PHASE_STRIP = NO;
				DEAD_CODE_STRIPPING = YES;
				DEPLOYMENT_POSTPROCESSING = NO;
				GCC_C_LANGUAGE_STANDARD = c99;
				GCC_WARN_ABOUT_RETURN_TYPE = YES;
				GCC_WARN_UNUSED_VARIABLE = YES;
				PREBINDING = NO;
				PRESERVE_DEAD_CODE_INITS_AND_TERMS = YES;
				SDKROOT = macosx10.5;
				SEPARATE_STRIP = NO;
			};
			name = Release;
		};
/* End XCBuildConfiguration section */

/* Begin XCConfigurationList section */
		C01FCF4A08A954540054247B /* Build configuration list for PBXNativeTarget "pomodoro" */ = {
			isa = XCConfigurationList;
			buildConfigurations = (
				C01FCF4B08A954540054247B /* Debug */,
				C01FCF4C08A954540054247B /* Release */,
			);
			defaultConfigurationIsVisible = 0;
			defaultConfigurationName = Release;
		};
		C01FCF4E08A954540054247B /* Build configuration list for PBXProject "pomodoro" */ = {
			isa = XCConfigurationList;
			buildConfigurations = (
				C01FCF4F08A954540054247B /* Debug */,
				C01FCF5008A954540054247B /* Release */,
			);
			defaultConfigurationIsVisible = 0;
			defaultConfigurationName = Release;
		};
/* End XCConfigurationList section */
	};
	rootObject = 29B97313FDCFA39411CA2CEA /* Project object */;
}
