// !$*UTF8*$!
{
	archiveVersion = 1;
	classes = {
	};
	objectVersion = 45;
	objects = {

/* Begin PBXBuildFile section */
		1DDD58160DA1D0A300B32029 /* MainMenu.xib in Resources */ = {isa = PBXBuildFile; fileRef = 1DDD58140DA1D0A300B32029 /* MainMenu.xib */; };
		6906DCAF0FE233F600A0A0F4 /* pomodoroFreeze.png in Resources */ = {isa = PBXBuildFile; fileRef = 6906DCAD0FE233F600A0A0F4 /* pomodoroFreeze.png */; };
		6906DCB00FE233F600A0A0F4 /* pomodoroBreak.png in Resources */ = {isa = PBXBuildFile; fileRef = 6906DCAE0FE233F600A0A0F4 /* pomodoroBreak.png */; };
		692148B60FCF47740016B59D /* Growl.framework in Frameworks */ = {isa = PBXBuildFile; fileRef = 692148B50FCF47740016B59D /* Growl.framework */; };
		692148BE0FCF47800016B59D /* Growl.framework in CopyFiles */ = {isa = PBXBuildFile; fileRef = 692148B50FCF47740016B59D /* Growl.framework */; };
		69509E380FCFF56A00BD19B5 /* Pomodoros.xcdatamodel in Sources */ = {isa = PBXBuildFile; fileRef = 69509E370FCFF56A00BD19B5 /* Pomodoros.xcdatamodel */; };
		69563A700FC9CC83004AC179 /* PomodoroStats.m in Sources */ = {isa = PBXBuildFile; fileRef = 69563A6F0FC9CC83004AC179 /* PomodoroStats.m */; };
		69576B070FDC534E007C33E9 /* Sparkle.framework in Frameworks */ = {isa = PBXBuildFile; fileRef = 69576B060FDC534E007C33E9 /* Sparkle.framework */; };
		69576B100FDC5368007C33E9 /* Sparkle.framework in CopyFiles */ = {isa = PBXBuildFile; fileRef = 69576B060FDC534E007C33E9 /* Sparkle.framework */; };
		69576B330FDC5BE9007C33E9 /* dsa_pub.pem in Resources */ = {isa = PBXBuildFile; fileRef = 69576B320FDC5BE9007C33E9 /* dsa_pub.pem */; };
		6968AF120FD950AE00028CE6 /* Carbon.framework in Frameworks */ = {isa = PBXBuildFile; fileRef = 6968AF110FD950AE00028CE6 /* Carbon.framework */; };
		6986976E0FDB3B03006281E8 /* tick.wav in Resources */ = {isa = PBXBuildFile; fileRef = 6986976D0FDB3B03006281E8 /* tick.wav */; };
		69885A480FD3FD770020D132 /* BGHUDAppKit.framework in Frameworks */ = {isa = PBXBuildFile; fileRef = 69885A470FD3FD770020D132 /* BGHUDAppKit.framework */; };
		69885A6B0FD3FD8B0020D132 /* BGHUDAppKit.framework in CopyFiles */ = {isa = PBXBuildFile; fileRef = 69885A470FD3FD770020D132 /* BGHUDAppKit.framework */; };
		69B1A3740FC96D22009B0ACF /* GrowlNotifier.m in Sources */ = {isa = PBXBuildFile; fileRef = 69B1A36D0FC96D22009B0ACF /* GrowlNotifier.m */; };
		69B1A3750FC96D22009B0ACF /* Pomodoro.m in Sources */ = {isa = PBXBuildFile; fileRef = 69B1A36F0FC96D22009B0ACF /* Pomodoro.m */; };
		69B1A3760FC96D22009B0ACF /* AboutController.m in Sources */ = {isa = PBXBuildFile; fileRef = 69B1A3710FC96D22009B0ACF /* AboutController.m */; };
		69B1A3770FC96D22009B0ACF /* StatsController.m in Sources */ = {isa = PBXBuildFile; fileRef = 69B1A3730FC96D22009B0ACF /* StatsController.m */; };
		69B1A37B0FC96D63009B0ACF /* ring.wav in Resources */ = {isa = PBXBuildFile; fileRef = 69B1A37A0FC96D63009B0ACF /* ring.wav */; };
		69B1A37E0FC96D6E009B0ACF /* icon.icns in Resources */ = {isa = PBXBuildFile; fileRef = 69B1A37C0FC96D6E009B0ACF /* icon.icns */; };
		69B1A37F0FC96D6E009B0ACF /* pomodoro.png in Resources */ = {isa = PBXBuildFile; fileRef = 69B1A37D0FC96D6E009B0ACF /* pomodoro.png */; };
		69B1A3820FC96D96009B0ACF /* About.xib in Resources */ = {isa = PBXBuildFile; fileRef = 69B1A3800FC96D96009B0ACF /* About.xib */; };
		69B1A3830FC96D96009B0ACF /* Stats.xib in Resources */ = {isa = PBXBuildFile; fileRef = 69B1A3810FC96D96009B0ACF /* Stats.xib */; };
		69B1A4420FC96FFD009B0ACF /* PomodoroController.m in Sources */ = {isa = PBXBuildFile; fileRef = 69B1A4410FC96FFD009B0ACF /* PomodoroController.m */; };
		69DC1F920FD5C60B005F3F6B /* PomodoroArrayController.m in Sources */ = {isa = PBXBuildFile; fileRef = 69DC1F910FD5C60B005F3F6B /* PomodoroArrayController.m */; };
		8D11072B0486CEB800E47090 /* InfoPlist.strings in Resources */ = {isa = PBXBuildFile; fileRef = 089C165CFE840E0CC02AAC07 /* InfoPlist.strings */; };
		8D11072D0486CEB800E47090 /* main.m in Sources */ = {isa = PBXBuildFile; fileRef = 29B97316FDCFA39411CA2CEA /* main.m */; settings = {ATTRIBUTES = (); }; };
		8D11072F0486CEB800E47090 /* Cocoa.framework in Frameworks */ = {isa = PBXBuildFile; fileRef = 1058C7A1FEA54F0111CA2CBB /* Cocoa.framework */; };
/* End PBXBuildFile section */

/* Begin PBXCopyFilesBuildPhase section */
		69B1A3AB0FC96E85009B0ACF /* CopyFiles */ = {
			isa = PBXCopyFilesBuildPhase;
			buildActionMask = 2147483647;
			dstPath = "";
			dstSubfolderSpec = 10;
			files = (
				69576B100FDC5368007C33E9 /* Sparkle.framework in CopyFiles */,
				69885A6B0FD3FD8B0020D132 /* BGHUDAppKit.framework in CopyFiles */,
				692148BE0FCF47800016B59D /* Growl.framework in CopyFiles */,
			);
			runOnlyForDeploymentPostprocessing = 0;
		};
/* End PBXCopyFilesBuildPhase section */

/* Begin PBXFileReference section */
		089C165DFE840E0CC02AAC07 /* English */ = {isa = PBXFileReference; fileEncoding = 10; lastKnownFileType = text.plist.strings; name = English; path = English.lproj/InfoPlist.strings; sourceTree = "<group>"; };
		1058C7A1FEA54F0111CA2CBB /* Cocoa.framework */ = {isa = PBXFileReference; lastKnownFileType = wrapper.framework; name = Cocoa.framework; path = /System/Library/Frameworks/Cocoa.framework; sourceTree = "<absolute>"; };
		13E42FB307B3F0F600E4EEF1 /* CoreData.framework */ = {isa = PBXFileReference; lastKnownFileType = wrapper.framework; name = CoreData.framework; path = /System/Library/Frameworks/CoreData.framework; sourceTree = "<absolute>"; };
		1DDD58150DA1D0A300B32029 /* English */ = {isa = PBXFileReference; lastKnownFileType = file.xib; name = English; path = English.lproj/MainMenu.xib; sourceTree = "<group>"; };
		29B97316FDCFA39411CA2CEA /* main.m */ = {isa = PBXFileReference; fileEncoding = 4; lastKnownFileType = sourcecode.c.objc; path = main.m; sourceTree = "<group>"; };
		29B97324FDCFA39411CA2CEA /* AppKit.framework */ = {isa = PBXFileReference; lastKnownFileType = wrapper.framework; name = AppKit.framework; path = /System/Library/Frameworks/AppKit.framework; sourceTree = "<absolute>"; };
		29B97325FDCFA39411CA2CEA /* Foundation.framework */ = {isa = PBXFileReference; lastKnownFileType = wrapper.framework; name = Foundation.framework; path = /System/Library/Frameworks/Foundation.framework; sourceTree = "<absolute>"; };
		32CA4F630368D1EE00C91783 /* pomodoro_Prefix.pch */ = {isa = PBXFileReference; fileEncoding = 4; lastKnownFileType = sourcecode.c.h; path = pomodoro_Prefix.pch; sourceTree = "<group>"; };
		6906DCAD0FE233F600A0A0F4 /* pomodoroFreeze.png */ = {isa = PBXFileReference; lastKnownFileType = image.png; path = pomodoroFreeze.png; sourceTree = "<group>"; };
		6906DCAE0FE233F600A0A0F4 /* pomodoroBreak.png */ = {isa = PBXFileReference; lastKnownFileType = image.png; path = pomodoroBreak.png; sourceTree = "<group>"; };
		692148B50FCF47740016B59D /* Growl.framework */ = {isa = PBXFileReference; lastKnownFileType = wrapper.framework; path = Growl.framework; sourceTree = "<group>"; };
		69509E370FCFF56A00BD19B5 /* Pomodoros.xcdatamodel */ = {isa = PBXFileReference; fileEncoding = 4; lastKnownFileType = wrapper.xcdatamodel; path = Pomodoros.xcdatamodel; sourceTree = "<group>"; };
		69563A6E0FC9CC83004AC179 /* PomodoroStats.h */ = {isa = PBXFileReference; fileEncoding = 4; lastKnownFileType = sourcecode.c.h; path = PomodoroStats.h; sourceTree = "<group>"; };
		69563A6F0FC9CC83004AC179 /* PomodoroStats.m */ = {isa = PBXFileReference; fileEncoding = 4; lastKnownFileType = sourcecode.c.objc; path = PomodoroStats.m; sourceTree = "<group>"; };
		69576B060FDC534E007C33E9 /* Sparkle.framework */ = {isa = PBXFileReference; lastKnownFileType = wrapper.framework; path = Sparkle.framework; sourceTree = "<group>"; };
		69576B320FDC5BE9007C33E9 /* dsa_pub.pem */ = {isa = PBXFileReference; fileEncoding = 4; lastKnownFileType = text; path = dsa_pub.pem; sourceTree = "<group>"; };
		6968AF110FD950AE00028CE6 /* Carbon.framework */ = {isa = PBXFileReference; lastKnownFileType = wrapper.framework; name = Carbon.framework; path = /System/Library/Frameworks/Carbon.framework; sourceTree = "<absolute>"; };
		6986976D0FDB3B03006281E8 /* tick.wav */ = {isa = PBXFileReference; lastKnownFileType = audio.wav; path = tick.wav; sourceTree = "<group>"; };
		69885A470FD3FD770020D132 /* BGHUDAppKit.framework */ = {isa = PBXFileReference; lastKnownFileType = wrapper.framework; path = BGHUDAppKit.framework; sourceTree = "<group>"; };
		69B1A36C0FC96D22009B0ACF /* GrowlNotifier.h */ = {isa = PBXFileReference; fileEncoding = 4; lastKnownFileType = sourcecode.c.h; path = GrowlNotifier.h; sourceTree = "<group>"; };
		69B1A36D0FC96D22009B0ACF /* GrowlNotifier.m */ = {isa = PBXFileReference; fileEncoding = 4; lastKnownFileType = sourcecode.c.objc; path = GrowlNotifier.m; sourceTree = "<group>"; };
		69B1A36E0FC96D22009B0ACF /* Pomodoro.h */ = {isa = PBXFileReference; fileEncoding = 4; lastKnownFileType = sourcecode.c.h; path = Pomodoro.h; sourceTree = "<group>"; };
		69B1A36F0FC96D22009B0ACF /* Pomodoro.m */ = {isa = PBXFileReference; fileEncoding = 4; lastKnownFileType = sourcecode.c.objc; path = Pomodoro.m; sourceTree = "<group>"; };
		69B1A3700FC96D22009B0ACF /* AboutController.h */ = {isa = PBXFileReference; fileEncoding = 4; lastKnownFileType = sourcecode.c.h; path = AboutController.h; sourceTree = "<group>"; };
		69B1A3710FC96D22009B0ACF /* AboutController.m */ = {isa = PBXFileReference; fileEncoding = 4; lastKnownFileType = sourcecode.c.objc; path = AboutController.m; sourceTree = "<group>"; };
		69B1A3720FC96D22009B0ACF /* StatsController.h */ = {isa = PBXFileReference; fileEncoding = 4; lastKnownFileType = sourcecode.c.h; path = StatsController.h; sourceTree = "<group>"; };
		69B1A3730FC96D22009B0ACF /* StatsController.m */ = {isa = PBXFileReference; fileEncoding = 4; lastKnownFileType = sourcecode.c.objc; path = StatsController.m; sourceTree = "<group>"; };
		69B1A37A0FC96D63009B0ACF /* ring.wav */ = {isa = PBXFileReference; lastKnownFileType = audio.wav; path = ring.wav; sourceTree = "<group>"; };
		69B1A37C0FC96D6E009B0ACF /* icon.icns */ = {isa = PBXFileReference; lastKnownFileType = image.icns; path = icon.icns; sourceTree = "<group>"; };
		69B1A37D0FC96D6E009B0ACF /* pomodoro.png */ = {isa = PBXFileReference; lastKnownFileType = image.png; path = pomodoro.png; sourceTree = "<group>"; };
		69B1A3800FC96D96009B0ACF /* About.xib */ = {isa = PBXFileReference; lastKnownFileType = file.xib; path = About.xib; sourceTree = "<group>"; };
		69B1A3810FC96D96009B0ACF /* Stats.xib */ = {isa = PBXFileReference; lastKnownFileType = file.xib; path = Stats.xib; sourceTree = "<group>"; };
		69B1A4400FC96FFD009B0ACF /* PomodoroController.h */ = {isa = PBXFileReference; fileEncoding = 4; lastKnownFileType = sourcecode.c.h; path = PomodoroController.h; sourceTree = "<group>"; };
		69B1A4410FC96FFD009B0ACF /* PomodoroController.m */ = {isa = PBXFileReference; fileEncoding = 4; lastKnownFileType = sourcecode.c.objc; path = PomodoroController.m; sourceTree = "<group>"; };
		69DC1F900FD5C60B005F3F6B /* PomodoroArrayController.h */ = {isa = PBXFileReference; fileEncoding = 4; lastKnownFileType = sourcecode.c.h; path = PomodoroArrayController.h; sourceTree = "<group>"; };
		69DC1F910FD5C60B005F3F6B /* PomodoroArrayController.m */ = {isa = PBXFileReference; fileEncoding = 4; lastKnownFileType = sourcecode.c.objc; path = PomodoroArrayController.m; sourceTree = "<group>"; };
		8D1107310486CEB800E47090 /* Info.plist */ = {isa = PBXFileReference; fileEncoding = 4; lastKnownFileType = text.plist.xml; path = Info.plist; sourceTree = "<group>"; };
		8D1107320486CEB800E47090 /* pomodoro.app */ = {isa = PBXFileReference; explicitFileType = wrapper.application; includeInIndex = 0; path = pomodoro.app; sourceTree = BUILT_PRODUCTS_DIR; };
/* End PBXFileReference section */

/* Begin PBXFrameworksBuildPhase section */
		8D11072E0486CEB800E47090 /* Frameworks */ = {
			isa = PBXFrameworksBuildPhase;
			buildActionMask = 2147483647;
			files = (
				8D11072F0486CEB800E47090 /* Cocoa.framework in Frameworks */,
				692148B60FCF47740016B59D /* Growl.framework in Frameworks */,
				69885A480FD3FD770020D132 /* BGHUDAppKit.framework in Frameworks */,
				6968AF120FD950AE00028CE6 /* Carbon.framework in Frameworks */,
				69576B070FDC534E007C33E9 /* Sparkle.framework in Frameworks */,
			);
			runOnlyForDeploymentPostprocessing = 0;
		};
/* End PBXFrameworksBuildPhase section */

/* Begin PBXGroup section */
		080E96DDFE201D6D7F000001 /* Classes */ = {
			isa = PBXGroup;
			children = (
				69563A750FC9CCDB004AC179 /* Controller */,
				69563A740FC9CCCF004AC179 /* Helper */,
				69563A730FC9CCBB004AC179 /* Pomodoro */,
			);
			name = Classes;
			sourceTree = "<group>";
		};
		1058C7A0FEA54F0111CA2CBB /* Linked Frameworks */ = {
			isa = PBXGroup;
			children = (
				69576B060FDC534E007C33E9 /* Sparkle.framework */,
				6968AF110FD950AE00028CE6 /* Carbon.framework */,
				1058C7A1FEA54F0111CA2CBB /* Cocoa.framework */,
			);
			name = "Linked Frameworks";
			sourceTree = "<group>";
		};
		1058C7A2FEA54F0111CA2CBB /* Other Frameworks */ = {
			isa = PBXGroup;
			children = (
				29B97324FDCFA39411CA2CEA /* AppKit.framework */,
				13E42FB307B3F0F600E4EEF1 /* CoreData.framework */,
				29B97325FDCFA39411CA2CEA /* Foundation.framework */,
			);
			name = "Other Frameworks";
			sourceTree = "<group>";
		};
		19C28FACFE9D520D11CA2CBB /* Products */ = {
			isa = PBXGroup;
			children = (
				8D1107320486CEB800E47090 /* pomodoro.app */,
			);
			name = Products;
			sourceTree = "<group>";
		};
		29B97314FDCFA39411CA2CEA /* pomodoro */ = {
			isa = PBXGroup;
			children = (
				080E96DDFE201D6D7F000001 /* Classes */,
				29B97315FDCFA39411CA2CEA /* Other Sources */,
				29B97317FDCFA39411CA2CEA /* Resources */,
				29B97323FDCFA39411CA2CEA /* Frameworks */,
				19C28FACFE9D520D11CA2CBB /* Products */,
				69B1A3800FC96D96009B0ACF /* About.xib */,
				69B1A3810FC96D96009B0ACF /* Stats.xib */,
			);
			name = pomodoro;
			sourceTree = "<group>";
		};
		29B97315FDCFA39411CA2CEA /* Other Sources */ = {
			isa = PBXGroup;
			children = (
				32CA4F630368D1EE00C91783 /* pomodoro_Prefix.pch */,
				29B97316FDCFA39411CA2CEA /* main.m */,
			);
			name = "Other Sources";
			sourceTree = "<group>";
		};
		29B97317FDCFA39411CA2CEA /* Resources */ = {
			isa = PBXGroup;
			children = (
				6906DCAD0FE233F600A0A0F4 /* pomodoroFreeze.png */,
				6906DCAE0FE233F600A0A0F4 /* pomodoroBreak.png */,
				69576B320FDC5BE9007C33E9 /* dsa_pub.pem */,
				6986976D0FDB3B03006281E8 /* tick.wav */,
				69B1A37C0FC96D6E009B0ACF /* icon.icns */,
				69B1A37D0FC96D6E009B0ACF /* pomodoro.png */,
				69B1A37A0FC96D63009B0ACF /* ring.wav */,
				8D1107310486CEB800E47090 /* Info.plist */,
				089C165CFE840E0CC02AAC07 /* InfoPlist.strings */,
				1DDD58140DA1D0A300B32029 /* MainMenu.xib */,
			);
			name = Resources;
			sourceTree = "<group>";
		};
		29B97323FDCFA39411CA2CEA /* Frameworks */ = {
			isa = PBXGroup;
			children = (
				69885A470FD3FD770020D132 /* BGHUDAppKit.framework */,
				692148B50FCF47740016B59D /* Growl.framework */,
				1058C7A0FEA54F0111CA2CBB /* Linked Frameworks */,
				1058C7A2FEA54F0111CA2CBB /* Other Frameworks */,
			);
			name = Frameworks;
			sourceTree = "<group>";
		};
		69563A730FC9CCBB004AC179 /* Pomodoro */ = {
			isa = PBXGroup;
			children = (
				69B1A36E0FC96D22009B0ACF /* Pomodoro.h */,
				69B1A36F0FC96D22009B0ACF /* Pomodoro.m */,
				69563A6E0FC9CC83004AC179 /* PomodoroStats.h */,
				69563A6F0FC9CC83004AC179 /* PomodoroStats.m */,
				69509E370FCFF56A00BD19B5 /* Pomodoros.xcdatamodel */,
			);
			name = Pomodoro;
			sourceTree = "<group>";
		};
		69563A740FC9CCCF004AC179 /* Helper */ = {
			isa = PBXGroup;
			children = (
				69B1A36C0FC96D22009B0ACF /* GrowlNotifier.h */,
				69B1A36D0FC96D22009B0ACF /* GrowlNotifier.m */,
			);
			name = Helper;
			sourceTree = "<group>";
		};
		69563A750FC9CCDB004AC179 /* Controller */ = {
			isa = PBXGroup;
			children = (
				69B1A4400FC96FFD009B0ACF /* PomodoroController.h */,
				69B1A4410FC96FFD009B0ACF /* PomodoroController.m */,
				69B1A3700FC96D22009B0ACF /* AboutController.h */,
				69B1A3710FC96D22009B0ACF /* AboutController.m */,
				69B1A3720FC96D22009B0ACF /* StatsController.h */,
				69B1A3730FC96D22009B0ACF /* StatsController.m */,
				69DC1F900FD5C60B005F3F6B /* PomodoroArrayController.h */,
				69DC1F910FD5C60B005F3F6B /* PomodoroArrayController.m */,
			);
			name = Controller;
			sourceTree = "<group>";
		};
/* End PBXGroup section */

/* Begin PBXNativeTarget section */
		8D1107260486CEB800E47090 /* pomodoro */ = {
			isa = PBXNativeTarget;
			buildConfigurationList = C01FCF4A08A954540054247B /* Build configuration list for PBXNativeTarget "pomodoro" */;
			buildPhases = (
				8D1107290486CEB800E47090 /* Resources */,
				8D11072C0486CEB800E47090 /* Sources */,
				8D11072E0486CEB800E47090 /* Frameworks */,
				69B1A3AB0FC96E85009B0ACF /* CopyFiles */,
				69563BC80FC9F1EE004AC179 /* ShellScript */,
			);
			buildRules = (
			);
			dependencies = (
			);
			name = pomodoro;
			productInstallPath = "$(HOME)/Applications";
			productName = pomodoro;
			productReference = 8D1107320486CEB800E47090 /* pomodoro.app */;
			productType = "com.apple.product-type.application";
		};
/* End PBXNativeTarget section */

/* Begin PBXProject section */
		29B97313FDCFA39411CA2CEA /* Project object */ = {
			isa = PBXProject;
			buildConfigurationList = C01FCF4E08A954540054247B /* Build configuration list for PBXProject "pomodoro" */;
			compatibilityVersion = "Xcode 3.1";
			hasScannedForEncodings = 1;
			mainGroup = 29B97314FDCFA39411CA2CEA /* pomodoro */;
			projectDirPath = "";
			projectRoot = "";
			targets = (
				8D1107260486CEB800E47090 /* pomodoro */,
			);
		};
/* End PBXProject section */

/* Begin PBXResourcesBuildPhase section */
		8D1107290486CEB800E47090 /* Resources */ = {
			isa = PBXResourcesBuildPhase;
			buildActionMask = 2147483647;
			files = (
				8D11072B0486CEB800E47090 /* InfoPlist.strings in Resources */,
				1DDD58160DA1D0A300B32029 /* MainMenu.xib in Resources */,
				69B1A37B0FC96D63009B0ACF /* ring.wav in Resources */,
				69B1A37E0FC96D6E009B0ACF /* icon.icns in Resources */,
				69B1A37F0FC96D6E009B0ACF /* pomodoro.png in Resources */,
				69B1A3820FC96D96009B0ACF /* About.xib in Resources */,
				69B1A3830FC96D96009B0ACF /* Stats.xib in Resources */,
				6986976E0FDB3B03006281E8 /* tick.wav in Resources */,
				69576B330FDC5BE9007C33E9 /* dsa_pub.pem in Resources */,
				6906DCAF0FE233F600A0A0F4 /* pomodoroFreeze.png in Resources */,
				6906DCB00FE233F600A0A0F4 /* pomodoroBreak.png in Resources */,
			);
			runOnlyForDeploymentPostprocessing = 0;
		};
/* End PBXResourcesBuildPhase section */

/* Begin PBXShellScriptBuildPhase section */
		69563BC80FC9F1EE004AC179 /* ShellScript */ = {
			isa = PBXShellScriptBuildPhase;
			buildActionMask = 2147483647;
			files = (
			);
			inputPaths = (
			);
			outputPaths = (
			);
			runOnlyForDeploymentPostprocessing = 0;
			shellPath = /bin/sh;
			shellScript = "rm -fR \"${CONFIGURATION_BUILD_DIR}/${WRAPPER_NAME}/Contents/Frameworks/BGHUDAppKit.framework/Versions/Current/Resources\"";
		};
/* End PBXShellScriptBuildPhase section */

/* Begin PBXSourcesBuildPhase section */
		8D11072C0486CEB800E47090 /* Sources */ = {
			isa = PBXSourcesBuildPhase;
			buildActionMask = 2147483647;
			files = (
				8D11072D0486CEB800E47090 /* main.m in Sources */,
				69B1A3740FC96D22009B0ACF /* GrowlNotifier.m in Sources */,
				69B1A3750FC96D22009B0ACF /* Pomodoro.m in Sources */,
				69B1A3760FC96D22009B0ACF /* AboutController.m in Sources */,
				69B1A3770FC96D22009B0ACF /* StatsController.m in Sources */,
				69B1A4420FC96FFD009B0ACF /* PomodoroController.m in Sources */,
				69563A700FC9CC83004AC179 /* PomodoroStats.m in Sources */,
				69509E380FCFF56A00BD19B5 /* Pomodoros.xcdatamodel in Sources */,
				69DC1F920FD5C60B005F3F6B /* PomodoroArrayController.m in Sources */,
			);
			runOnlyForDeploymentPostprocessing = 0;
		};
/* End PBXSourcesBuildPhase section */

/* Begin PBXVariantGroup section */
		089C165CFE840E0CC02AAC07 /* InfoPlist.strings */ = {
			isa = PBXVariantGroup;
			children = (
				089C165DFE840E0CC02AAC07 /* English */,
			);
			name = InfoPlist.strings;
			sourceTree = "<group>";
		};
		1DDD58140DA1D0A300B32029 /* MainMenu.xib */ = {
			isa = PBXVariantGroup;
			children = (
				1DDD58150DA1D0A300B32029 /* English */,
			);
			name = MainMenu.xib;
			sourceTree = "<group>";
		};
/* End PBXVariantGroup section */

/* Begin XCBuildConfiguration section */
		C01FCF4B08A954540054247B /* Debug */ = {
			isa = XCBuildConfiguration;
			buildSettings = {
				ALWAYS_SEARCH_USER_PATHS = NO;
				ARCHS = "$(NATIVE_ARCH)";
				COPY_PHASE_STRIP = NO;
				FRAMEWORK_SEARCH_PATHS = (
					"$(inherited)",
					"\"$(SRCROOT)\"",
					"\"$(SRCROOT)/../../../Files/technology/software/bghud/bghudappkit-read-only/build/Release\"",
					"\"$(SRCROOT)/../../../../Desktop/tmp/growl SDK\"",
					"\"$(SRCROOT)/../../../Files/technology/software/bghud/bghudappkit-read-only/build/Debug\"",
				);
				GCC_DYNAMIC_NO_PIC = NO;
				GCC_ENABLE_FIX_AND_CONTINUE = YES;
				GCC_MODEL_TUNING = G5;
				GCC_OPTIMIZATION_LEVEL = 0;
				GCC_PRECOMPILE_PREFIX_HEADER = YES;
				GCC_PREFIX_HEADER = pomodoro_Prefix.pch;
				INFOPLIST_FILE = Info.plist;
				INSTALL_PATH = "$(HOME)/Applications";
				PRODUCT_NAME = pomodoro;
			};
			name = Debug;
		};
		C01FCF4C08A954540054247B /* Release */ = {
			isa = XCBuildConfiguration;
			buildSettings = {
				ALWAYS_SEARCH_USER_PATHS = NO;
				DEBUG_INFORMATION_FORMAT = "dwarf-with-dsym";
				FRAMEWORK_SEARCH_PATHS = (
					"$(inherited)",
					"\"$(SRCROOT)\"",
					"\"$(SRCROOT)/../../../Files/technology/software/bghud/bghudappkit-read-only/build/Release\"",
					"\"$(SRCROOT)/../../../../Desktop/tmp/growl SDK\"",
					"\"$(SRCROOT)/../../../Files/technology/software/bghud/bghudappkit-read-only/build/Debug\"",
				);
				GCC_MODEL_TUNING = G5;
				GCC_PRECOMPILE_PREFIX_HEADER = YES;
				GCC_PREFIX_HEADER = pomodoro_Prefix.pch;
				INFOPLIST_FILE = Info.plist;
				INSTALL_PATH = "$(HOME)/Applications";
				PRODUCT_NAME = pomodoro;
			};
			name = Release;
		};
		C01FCF4F08A954540054247B /* Debug */ = {
			isa = XCBuildConfiguration;
			buildSettings = {
				ARCHS = "$(ARCHS_STANDARD_32_BIT)";
				GCC_C_LANGUAGE_STANDARD = c99;
				GCC_OPTIMIZATION_LEVEL = 0;
				GCC_WARN_ABOUT_RETURN_TYPE = YES;
				GCC_WARN_UNUSED_VARIABLE = YES;
				ONLY_ACTIVE_ARCH = YES;
				PREBINDING = NO;
				SDKROOT = macosx10.5;
			};
			name = Debug;
		};
		C01FCF5008A954540054247B /* Release */ = {
			isa = XCBuildConfiguration;
			buildSettings = {
				ARCHS = "$(ARCHS_STANDARD_32_BIT)";
				COPY_PHASE_STRIP = NO;
				DEAD_CODE_STRIPPING = YES;
				DEPLOYMENT_POSTPROCESSING = NO;
				GCC_C_LANGUAGE_STANDARD = c99;
				GCC_WARN_ABOUT_RETURN_TYPE = YES;
				GCC_WARN_UNUSED_VARIABLE = YES;
				PREBINDING = NO;
				PRESERVE_DEAD_CODE_INITS_AND_TERMS = YES;
				SDKROOT = macosx10.5;
				SEPARATE_STRIP = NO;
			};
			name = Release;
		};
/* End XCBuildConfiguration section */

/* Begin XCConfigurationList section */
		C01FCF4A08A954540054247B /* Build configuration list for PBXNativeTarget "pomodoro" */ = {
			isa = XCConfigurationList;
			buildConfigurations = (
				C01FCF4B08A954540054247B /* Debug */,
				C01FCF4C08A954540054247B /* Release */,
			);
			defaultConfigurationIsVisible = 0;
			defaultConfigurationName = Release;
		};
		C01FCF4E08A954540054247B /* Build configuration list for PBXProject "pomodoro" */ = {
			isa = XCConfigurationList;
			buildConfigurations = (
				C01FCF4F08A954540054247B /* Debug */,
				C01FCF5008A954540054247B /* Release */,
			);
			defaultConfigurationIsVisible = 0;
			defaultConfigurationName = Release;
		};
/* End XCConfigurationList section */
	};
	rootObject = 29B97313FDCFA39411CA2CEA /* Project object */;
}
