// !$*UTF8*$!
{
	archiveVersion = 1;
	classes = {
	};
	objectVersion = 45;
	objects = {

/* Begin PBXBuildFile section */
		2231287B1303569200415381 /* BGHUDAppKit.framework in CopyFiles */ = {isa = PBXBuildFile; fileRef = 2250A56913034DEC001EFC92 /* BGHUDAppKit.framework */; };
		2231287C1303569200415381 /* OAuthConsumer.framework in CopyFiles */ = {isa = PBXBuildFile; fileRef = 2250A56D13034DFB001EFC92 /* OAuthConsumer.framework */; };
		2231287D1303569200415381 /* ShortcutRecorder.framework in CopyFiles */ = {isa = PBXBuildFile; fileRef = 2250A36013034B6F001EFC92 /* ShortcutRecorder.framework */; };
		2250A36113034B6F001EFC92 /* ShortcutRecorder.framework in Frameworks */ = {isa = PBXBuildFile; fileRef = 2250A36013034B6F001EFC92 /* ShortcutRecorder.framework */; };
		2250A56A13034DEC001EFC92 /* BGHUDAppKit.framework in Frameworks */ = {isa = PBXBuildFile; fileRef = 2250A56913034DEC001EFC92 /* BGHUDAppKit.framework */; };
		2250A56E13034DFB001EFC92 /* OAuthConsumer.framework in Frameworks */ = {isa = PBXBuildFile; fileRef = 2250A56D13034DFB001EFC92 /* OAuthConsumer.framework */; };
		5001AF781317B18800128231 /* About.xib in Resources */ = {isa = PBXBuildFile; fileRef = 5001AF701317B18800128231 /* About.xib */; };
		5001AF791317B18800128231 /* MainMenu.xib in Resources */ = {isa = PBXBuildFile; fileRef = 5001AF721317B18800128231 /* MainMenu.xib */; };
		5001AF7A1317B18800128231 /* Splash.xib in Resources */ = {isa = PBXBuildFile; fileRef = 5001AF741317B18800128231 /* Splash.xib */; };
		5001AF7B1317B18800128231 /* Stats.xib in Resources */ = {isa = PBXBuildFile; fileRef = 5001AF761317B18800128231 /* Stats.xib */; };
		5001AF851317B1CC00128231 /* about.html in Resources */ = {isa = PBXBuildFile; fileRef = 5001AF811317B1CC00128231 /* about.html */; };
		5001AF861317B1CC00128231 /* splash.html in Resources */ = {isa = PBXBuildFile; fileRef = 5001AF831317B1CC00128231 /* splash.html */; };
		5001AF8E1317B20400128231 /* InfoPlist.strings in Resources */ = {isa = PBXBuildFile; fileRef = 5001AF8A1317B20400128231 /* InfoPlist.strings */; };
		5001AF8F1317B20400128231 /* Localizable.strings in Resources */ = {isa = PBXBuildFile; fileRef = 5001AF8C1317B20400128231 /* Localizable.strings */; };
		6907B7C012DD016300CEB09C /* green.png in Resources */ = {isa = PBXBuildFile; fileRef = 6907B7B612DD016300CEB09C /* green.png */; };
		6907B7C112DD016300CEB09C /* icon.icns in Resources */ = {isa = PBXBuildFile; fileRef = 6907B7B712DD016300CEB09C /* icon.icns */; };
		6907B7C212DD016300CEB09C /* pomodoro.png in Resources */ = {isa = PBXBuildFile; fileRef = 6907B7B812DD016300CEB09C /* pomodoro.png */; };
		6907B7C312DD016300CEB09C /* pomodoro_n.png in Resources */ = {isa = PBXBuildFile; fileRef = 6907B7B912DD016300CEB09C /* pomodoro_n.png */; };
		6907B7C412DD016300CEB09C /* pomodoroBreak.png in Resources */ = {isa = PBXBuildFile; fileRef = 6907B7BA12DD016300CEB09C /* pomodoroBreak.png */; };
		6907B7C512DD016300CEB09C /* pomodoroBreak_n.png in Resources */ = {isa = PBXBuildFile; fileRef = 6907B7BB12DD016300CEB09C /* pomodoroBreak_n.png */; };
		6907B7C612DD016300CEB09C /* pomodoroFreeze.png in Resources */ = {isa = PBXBuildFile; fileRef = 6907B7BC12DD016300CEB09C /* pomodoroFreeze.png */; };
		6907B7C712DD016300CEB09C /* pomodoroFreeze_n.png in Resources */ = {isa = PBXBuildFile; fileRef = 6907B7BD12DD016300CEB09C /* pomodoroFreeze_n.png */; };
		6907B7C812DD016300CEB09C /* red.png in Resources */ = {isa = PBXBuildFile; fileRef = 6907B7BE12DD016300CEB09C /* red.png */; };
		6907B7C912DD016300CEB09C /* twitter.png in Resources */ = {isa = PBXBuildFile; fileRef = 6907B7BF12DD016300CEB09C /* twitter.png */; };
		6907B86E12DD063E00CEB09C /* Growl.framework in Frameworks */ = {isa = PBXBuildFile; fileRef = 6907B86D12DD063E00CEB09C /* Growl.framework */; };
		6907B87612DD068300CEB09C /* Growl.framework in CopyFiles */ = {isa = PBXBuildFile; fileRef = 6907B86D12DD063E00CEB09C /* Growl.framework */; };
		6907B88712DD099100CEB09C /* Carbon.framework in Frameworks */ = {isa = PBXBuildFile; fileRef = 6907B88612DD099100CEB09C /* Carbon.framework */; };
		6907B88F12DD09B800CEB09C /* README.txt in Resources */ = {isa = PBXBuildFile; fileRef = 6907B88C12DD09B800CEB09C /* README.txt */; };
		6907B89012DD09B800CEB09C /* ReleaseNotes.txt in Resources */ = {isa = PBXBuildFile; fileRef = 6907B88D12DD09B800CEB09C /* ReleaseNotes.txt */; };
		6907B8AA12DD10B500CEB09C /* ring.wav in Resources */ = {isa = PBXBuildFile; fileRef = 6907B8A812DD10B500CEB09C /* ring.wav */; };
		6907B8AB12DD10B500CEB09C /* tick.wav in Resources */ = {isa = PBXBuildFile; fileRef = 6907B8A912DD10B500CEB09C /* tick.wav */; };
		6907B8C812DD120000CEB09C /* AboutController.m in Sources */ = {isa = PBXBuildFile; fileRef = 6907B8B412DD120000CEB09C /* AboutController.m */; };
		6907B8C912DD120000CEB09C /* Binder.m in Sources */ = {isa = PBXBuildFile; fileRef = 6907B8B612DD120000CEB09C /* Binder.m */; };
		6907B8CA12DD120000CEB09C /* DurationFormatter.m in Sources */ = {isa = PBXBuildFile; fileRef = 6907B8B812DD120000CEB09C /* DurationFormatter.m */; };
		6907B8CB12DD120000CEB09C /* GrowlNotifier.m in Sources */ = {isa = PBXBuildFile; fileRef = 6907B8BA12DD120000CEB09C /* GrowlNotifier.m */; };
		6907B8CC12DD120000CEB09C /* Pomodoro.m in Sources */ = {isa = PBXBuildFile; fileRef = 6907B8BC12DD120000CEB09C /* Pomodoro.m */; };
		6907B8CD12DD120000CEB09C /* PomodoroArrayController.m in Sources */ = {isa = PBXBuildFile; fileRef = 6907B8BE12DD120000CEB09C /* PomodoroArrayController.m */; };
		6907B8CE12DD120000CEB09C /* PomodoroController.m in Sources */ = {isa = PBXBuildFile; fileRef = 6907B8C012DD120000CEB09C /* PomodoroController.m */; };
		6907B8CF12DD120000CEB09C /* PomodoroDefaults.m in Sources */ = {isa = PBXBuildFile; fileRef = 6907B8C212DD120000CEB09C /* PomodoroDefaults.m */; };
		6907B8D112DD120000CEB09C /* StatsController.m in Sources */ = {isa = PBXBuildFile; fileRef = 6907B8C612DD120000CEB09C /* StatsController.m */; };
		6907B90F12DD15A200CEB09C /* MGTwitterEngine.m in Sources */ = {isa = PBXBuildFile; fileRef = 6907B8DC12DD15A200CEB09C /* MGTwitterEngine.m */; };
		6907B91012DD15A200CEB09C /* MGTwitterHTTPURLConnection.m in Sources */ = {isa = PBXBuildFile; fileRef = 6907B8E012DD15A200CEB09C /* MGTwitterHTTPURLConnection.m */; };
		6907B91112DD15A200CEB09C /* MGTwitterLibXMLParser.m in Sources */ = {isa = PBXBuildFile; fileRef = 6907B8E212DD15A200CEB09C /* MGTwitterLibXMLParser.m */; };
		6907B91212DD15A200CEB09C /* MGTwitterMessagesLibXMLParser.m in Sources */ = {isa = PBXBuildFile; fileRef = 6907B8E412DD15A200CEB09C /* MGTwitterMessagesLibXMLParser.m */; };
		6907B91312DD15A200CEB09C /* MGTwitterMessagesParser.m in Sources */ = {isa = PBXBuildFile; fileRef = 6907B8E612DD15A200CEB09C /* MGTwitterMessagesParser.m */; };
		6907B91512DD15A200CEB09C /* MGTwitterMiscLibXMLParser.m in Sources */ = {isa = PBXBuildFile; fileRef = 6907B8EA12DD15A200CEB09C /* MGTwitterMiscLibXMLParser.m */; };
		6907B91612DD15A200CEB09C /* MGTwitterMiscParser.m in Sources */ = {isa = PBXBuildFile; fileRef = 6907B8EC12DD15A200CEB09C /* MGTwitterMiscParser.m */; };
		6907B91912DD15A200CEB09C /* MGTwitterSocialGraphLibXMLParser.m in Sources */ = {isa = PBXBuildFile; fileRef = 6907B8F412DD15A200CEB09C /* MGTwitterSocialGraphLibXMLParser.m */; };
		6907B91A12DD15A200CEB09C /* MGTwitterSocialGraphParser.m in Sources */ = {isa = PBXBuildFile; fileRef = 6907B8F612DD15A200CEB09C /* MGTwitterSocialGraphParser.m */; };
		6907B91B12DD15A200CEB09C /* MGTwitterStatusesLibXMLParser.m in Sources */ = {isa = PBXBuildFile; fileRef = 6907B8F812DD15A200CEB09C /* MGTwitterStatusesLibXMLParser.m */; };
		6907B91C12DD15A200CEB09C /* MGTwitterStatusesParser.m in Sources */ = {isa = PBXBuildFile; fileRef = 6907B8FA12DD15A200CEB09C /* MGTwitterStatusesParser.m */; };
		6907B91F12DD15A200CEB09C /* MGTwitterUserListsParser.m in Sources */ = {isa = PBXBuildFile; fileRef = 6907B90012DD15A200CEB09C /* MGTwitterUserListsParser.m */; };
		6907B92012DD15A200CEB09C /* MGTwitterUsersLibXMLParser.m in Sources */ = {isa = PBXBuildFile; fileRef = 6907B90212DD15A200CEB09C /* MGTwitterUsersLibXMLParser.m */; };
		6907B92112DD15A200CEB09C /* MGTwitterUsersParser.m in Sources */ = {isa = PBXBuildFile; fileRef = 6907B90412DD15A200CEB09C /* MGTwitterUsersParser.m */; };
		6907B92312DD15A200CEB09C /* MGTwitterXMLParser.m in Sources */ = {isa = PBXBuildFile; fileRef = 6907B90812DD15A200CEB09C /* MGTwitterXMLParser.m */; };
		6907B92512DD15A200CEB09C /* NSData+Base64.m in Sources */ = {isa = PBXBuildFile; fileRef = 6907B90C12DD15A200CEB09C /* NSData+Base64.m */; };
		6907B92612DD15A200CEB09C /* NSString+UUID.m in Sources */ = {isa = PBXBuildFile; fileRef = 6907B90E12DD15A200CEB09C /* NSString+UUID.m */; };
		6907BA2812DD1E0900CEB09C /* libxml2.dylib in Frameworks */ = {isa = PBXBuildFile; fileRef = 6907BA2712DD1E0900CEB09C /* libxml2.dylib */; };
		6907BD6A12DE4BAF00CEB09C /* CalendarStore.framework in Frameworks */ = {isa = PBXBuildFile; fileRef = 6907BD6912DE4BAF00CEB09C /* CalendarStore.framework */; };
		693582191318421000BB2C0F /* setStatusToAvailableInSkype.applescript in Resources */ = {isa = PBXBuildFile; fileRef = 69BA899213183D9E00145B83 /* setStatusToAvailableInSkype.applescript */; };
		6935821A1318421000BB2C0F /* setStatusToPomodoroInSkype.applescript in Resources */ = {isa = PBXBuildFile; fileRef = 69BA899313183D9E00145B83 /* setStatusToPomodoroInSkype.applescript */; };
		695B9010132D1604003FAEC6 /* Automator.framework in Frameworks */ = {isa = PBXBuildFile; fileRef = 695B900F132D1604003FAEC6 /* Automator.framework */; };
		695B9012132D4192003FAEC6 /* yellow.png in Resources */ = {isa = PBXBuildFile; fileRef = 695B9011132D4192003FAEC6 /* yellow.png */; };
		695B9016132D7334003FAEC6 /* compile.png in Resources */ = {isa = PBXBuildFile; fileRef = 695B9013132D7332003FAEC6 /* compile.png */; };
		695B9017132D7334003FAEC6 /* run.png in Resources */ = {isa = PBXBuildFile; fileRef = 695B9014132D7332003FAEC6 /* run.png */; };
		695B9018132D7334003FAEC6 /* stop.png in Resources */ = {isa = PBXBuildFile; fileRef = 695B9015132D7333003FAEC6 /* stop.png */; };
		696FE8C513109EA4005E17FA /* setStatusToAvailableInAdium.applescript in Resources */ = {isa = PBXBuildFile; fileRef = 696FE87A13107108005E17FA /* setStatusToAvailableInAdium.applescript */; };
		696FE8C613109EA9005E17FA /* setStatusToPomodoroInAdium.applescript in Resources */ = {isa = PBXBuildFile; fileRef = 696FE87B13107108005E17FA /* setStatusToPomodoroInAdium.applescript */; };
		696FE9E51311A4D4005E17FA /* setStatusToAvailableInIChat.applescript in Resources */ = {isa = PBXBuildFile; fileRef = 696FE9E11311A4CC005E17FA /* setStatusToAvailableInIChat.applescript */; };
		696FE9E61311A4D4005E17FA /* setStatusToPomodoroInIChat.applescript in Resources */ = {isa = PBXBuildFile; fileRef = 696FE9E21311A4CC005E17FA /* setStatusToPomodoroInIChat.applescript */; };
		697280B5130D7828008F1975 /* getToDoListFromThings.applescript in Resources */ = {isa = PBXBuildFile; fileRef = 697280B3130D7810008F1975 /* getToDoListFromThings.applescript */; };
		6972813A130DCF6D008F1975 /* getToDoListFromOmniFocus.applescript in Resources */ = {isa = PBXBuildFile; fileRef = 69728138130DCF65008F1975 /* getToDoListFromOmniFocus.applescript */; };
		697295C5130F5586008F1975 /* SplashController.m in Sources */ = {isa = PBXBuildFile; fileRef = 69728D23130F5584008F1975 /* SplashController.m */; };
		69793F3312F4EED200B6CF17 /* CalendarHelper.m in Sources */ = {isa = PBXBuildFile; fileRef = 69793F3212F4EED200B6CF17 /* CalendarHelper.m */; };
		69793F9412F4F02300B6CF17 /* main.m in Sources */ = {isa = PBXBuildFile; fileRef = 69793F9312F4F02300B6CF17 /* main.m */; };
		699B9C6E1330A62B004BC9E9 /* load.png in Resources */ = {isa = PBXBuildFile; fileRef = 699B9C6D1330A62B004BC9E9 /* load.png */; };
		699B9D1F1330FC1A004BC9E9 /* PomodoroNotifier.m in Sources */ = {isa = PBXBuildFile; fileRef = 699B9D1E1330FC19004BC9E9 /* PomodoroNotifier.m */; };
		69A4068D132C39FC00066ABF /* calendar.png in Resources */ = {isa = PBXBuildFile; fileRef = 69A4068C132C39FC00066ABF /* calendar.png */; };
		69A4068F132C438F00066ABF /* shortcuts.png in Resources */ = {isa = PBXBuildFile; fileRef = 69A4068E132C438F00066ABF /* shortcuts.png */; };
		69A40699132C452A00066ABF /* growl.png in Resources */ = {isa = PBXBuildFile; fileRef = 69A40698132C452A00066ABF /* growl.png */; };
		69A4069C132C46F500066ABF /* audio.png in Resources */ = {isa = PBXBuildFile; fileRef = 69A4069A132C46F400066ABF /* audio.png */; };
		69A4069D132C46F500066ABF /* speech.png in Resources */ = {isa = PBXBuildFile; fileRef = 69A4069B132C46F400066ABF /* speech.png */; };
		69AA321B1302D9A5000BBBCF /* insertIntoLoginItems.applescript in Resources */ = {isa = PBXBuildFile; fileRef = 69AA32171302D98E000BBBCF /* insertIntoLoginItems.applescript */; };
		69AA321C1302D9AB000BBBCF /* removeFromLoginItems.applescript in Resources */ = {isa = PBXBuildFile; fileRef = 69AA32181302D98E000BBBCF /* removeFromLoginItems.applescript */; };
		69B3A84112FB3B58000AAA1F /* Pomodoros.xcdatamodeld in Sources */ = {isa = PBXBuildFile; fileRef = 69B3A84012FB3B58000AAA1F /* Pomodoros.xcdatamodeld */; };
		69DEFB0312FCC0C00083941C /* PTHotKey.m in Sources */ = {isa = PBXBuildFile; fileRef = 69DEFAFC12FCC0C00083941C /* PTHotKey.m */; };
		69DEFB0412FCC0C00083941C /* PTHotKeyCenter.m in Sources */ = {isa = PBXBuildFile; fileRef = 69DEFAFE12FCC0C00083941C /* PTHotKeyCenter.m */; };
		69DEFB0512FCC0C00083941C /* PTKeyCodeTranslator.m in Sources */ = {isa = PBXBuildFile; fileRef = 69DEFB0012FCC0C00083941C /* PTKeyCodeTranslator.m */; };
		69DEFB0612FCC0C00083941C /* PTKeyCombo.m in Sources */ = {isa = PBXBuildFile; fileRef = 69DEFB0212FCC0C00083941C /* PTKeyCombo.m */; };
		69F52CB3130FD8BB0035E0D4 /* Scripter.m in Sources */ = {isa = PBXBuildFile; fileRef = 69F52CB2130FD8BB0035E0D4 /* Scripter.m */; };
		69F52D35131061B40035E0D4 /* addTodoToThings.applescript in Resources */ = {isa = PBXBuildFile; fileRef = 69F52D1213103CEC0035E0D4 /* addTodoToThings.applescript */; };
		69F52D55131067050035E0D4 /* addTodoToOmniFocus.applescript in Resources */ = {isa = PBXBuildFile; fileRef = 69F52D53131066FF0035E0D4 /* addTodoToOmniFocus.applescript */; };
		8D11072F0486CEB800E47090 /* Cocoa.framework in Frameworks */ = {isa = PBXBuildFile; fileRef = 1058C7A1FEA54F0111CA2CBB /* Cocoa.framework */; };
/* End PBXBuildFile section */

/* Begin PBXContainerItemProxy section */
		2250A54E13034D19001EFC92 /* PBXContainerItemProxy */ = {
			isa = PBXContainerItemProxy;
			containerPortal = 2250A54513034D19001EFC92 /* OAuthConsumer.xcodeproj */;
			proxyType = 2;
			remoteGlobalIDString = 8DC2EF5B0486A6940098B216;
			remoteInfo = OAuthConsumer;
		};
		2250A55013034D19001EFC92 /* PBXContainerItemProxy */ = {
			isa = PBXContainerItemProxy;
			containerPortal = 2250A54513034D19001EFC92 /* OAuthConsumer.xcodeproj */;
			proxyType = 2;
			remoteGlobalIDString = FCAAF0750CC95C5E00C52F82;
			remoteInfo = OAuthConsumerTestSuite;
		};
		2250A56113034D3A001EFC92 /* PBXContainerItemProxy */ = {
			isa = PBXContainerItemProxy;
			containerPortal = 2250A55613034D3A001EFC92 /* BGHUDAppKit.xcodeproj */;
			proxyType = 2;
			remoteGlobalIDString = 53DF68FD067E5B5A0090B5B0;
			remoteInfo = BGHUDAppKit;
		};
		2295A36F1303492600AD0E85 /* PBXContainerItemProxy */ = {
			isa = PBXContainerItemProxy;
			containerPortal = 2295A3661303492600AD0E85 /* ShortcutRecorder.xcodeproj */;
			proxyType = 2;
			remoteGlobalIDString = 939837800DA42965007F53F3;
			remoteInfo = "ShortcutRecorder.framework - with embedded ibplugin";
		};
		2295A3731303492600AD0E85 /* PBXContainerItemProxy */ = {
			isa = PBXContainerItemProxy;
			containerPortal = 2295A3661303492600AD0E85 /* ShortcutRecorder.xcodeproj */;
			proxyType = 2;
			remoteGlobalIDString = 93983B220DA43C4E007F53F3;
			remoteInfo = ShortcutRecorderFramework_Tester;
		};
		2295A3771303492600AD0E85 /* PBXContainerItemProxy */ = {
			isa = PBXContainerItemProxy;
			containerPortal = 2295A3661303492600AD0E85 /* ShortcutRecorder.xcodeproj */;
			proxyType = 2;
			remoteGlobalIDString = 342E0104109CCC36009AD8CA;
			remoteInfo = "ShortcutRecorder.framework - for embedding in ibplugin";
		};
/* End PBXContainerItemProxy section */

/* Begin PBXCopyFilesBuildPhase section */
		6907B84312DD03FF00CEB09C /* CopyFiles */ = {
			isa = PBXCopyFilesBuildPhase;
			buildActionMask = 2147483647;
			dstPath = "";
			dstSubfolderSpec = 10;
			files = (
				2231287B1303569200415381 /* BGHUDAppKit.framework in CopyFiles */,
				2231287C1303569200415381 /* OAuthConsumer.framework in CopyFiles */,
				2231287D1303569200415381 /* ShortcutRecorder.framework in CopyFiles */,
				6907B87612DD068300CEB09C /* Growl.framework in CopyFiles */,
			);
			runOnlyForDeploymentPostprocessing = 0;
		};
/* End PBXCopyFilesBuildPhase section */

/* Begin PBXFileReference section */
		1058C7A1FEA54F0111CA2CBB /* Cocoa.framework */ = {isa = PBXFileReference; lastKnownFileType = wrapper.framework; name = Cocoa.framework; path = /System/Library/Frameworks/Cocoa.framework; sourceTree = "<absolute>"; };
		13E42FB307B3F0F600E4EEF1 /* CoreData.framework */ = {isa = PBXFileReference; lastKnownFileType = wrapper.framework; name = CoreData.framework; path = /System/Library/Frameworks/CoreData.framework; sourceTree = "<absolute>"; };
		2250A36013034B6F001EFC92 /* ShortcutRecorder.framework */ = {isa = PBXFileReference; lastKnownFileType = wrapper.framework; name = ShortcutRecorder.framework; path = externalFw/shortcutrecorder/build/Debug/ShortcutRecorder.framework; sourceTree = "<group>"; };
		2250A54513034D19001EFC92 /* OAuthConsumer.xcodeproj */ = {isa = PBXFileReference; lastKnownFileType = "wrapper.pb-project"; name = OAuthConsumer.xcodeproj; path = externalFw/OAuthConsumer/OAuthConsumer.xcodeproj; sourceTree = "<group>"; };
		2250A55613034D3A001EFC92 /* BGHUDAppKit.xcodeproj */ = {isa = PBXFileReference; lastKnownFileType = "wrapper.pb-project"; name = BGHUDAppKit.xcodeproj; path = externalFw/BGHUDAppKit/BGHUDAppKit.xcodeproj; sourceTree = "<group>"; };
		2250A56913034DEC001EFC92 /* BGHUDAppKit.framework */ = {isa = PBXFileReference; lastKnownFileType = wrapper.framework; name = BGHUDAppKit.framework; path = externalFw/BGHUDAppKit/build/Debug/BGHUDAppKit.framework; sourceTree = "<group>"; };
		2250A56D13034DFB001EFC92 /* OAuthConsumer.framework */ = {isa = PBXFileReference; lastKnownFileType = wrapper.framework; name = OAuthConsumer.framework; path = externalFw/OAuthConsumer/build/Debug/OAuthConsumer.framework; sourceTree = "<group>"; };
		2295A3661303492600AD0E85 /* ShortcutRecorder.xcodeproj */ = {isa = PBXFileReference; lastKnownFileType = "wrapper.pb-project"; name = ShortcutRecorder.xcodeproj; path = externalFw/shortcutrecorder/ShortcutRecorder.xcodeproj; sourceTree = "<group>"; };
		29B97324FDCFA39411CA2CEA /* AppKit.framework */ = {isa = PBXFileReference; lastKnownFileType = wrapper.framework; name = AppKit.framework; path = /System/Library/Frameworks/AppKit.framework; sourceTree = "<absolute>"; };
		29B97325FDCFA39411CA2CEA /* Foundation.framework */ = {isa = PBXFileReference; lastKnownFileType = wrapper.framework; name = Foundation.framework; path = /System/Library/Frameworks/Foundation.framework; sourceTree = "<absolute>"; };
		5001AF711317B18800128231 /* English */ = {isa = PBXFileReference; lastKnownFileType = file.xib; name = English; path = English.lproj/About.xib; sourceTree = "<group>"; };
		5001AF731317B18800128231 /* English */ = {isa = PBXFileReference; lastKnownFileType = file.xib; name = English; path = English.lproj/MainMenu.xib; sourceTree = "<group>"; };
		5001AF751317B18800128231 /* English */ = {isa = PBXFileReference; lastKnownFileType = file.xib; name = English; path = English.lproj/Splash.xib; sourceTree = "<group>"; };
		5001AF771317B18800128231 /* English */ = {isa = PBXFileReference; lastKnownFileType = file.xib; name = English; path = English.lproj/Stats.xib; sourceTree = "<group>"; };
		5001AF7C1317B19C00128231 /* German */ = {isa = PBXFileReference; lastKnownFileType = file.xib; name = German; path = German.lproj/About.xib; sourceTree = "<group>"; };
		5001AF7D1317B1A300128231 /* German */ = {isa = PBXFileReference; lastKnownFileType = file.xib; name = German; path = German.lproj/MainMenu.xib; sourceTree = "<group>"; };
		5001AF7E1317B1AA00128231 /* German */ = {isa = PBXFileReference; lastKnownFileType = file.xib; name = German; path = German.lproj/Splash.xib; sourceTree = "<group>"; };
		5001AF7F1317B1B100128231 /* German */ = {isa = PBXFileReference; lastKnownFileType = file.xib; name = German; path = German.lproj/Stats.xib; sourceTree = "<group>"; };
		5001AF821317B1CC00128231 /* English */ = {isa = PBXFileReference; fileEncoding = 4; lastKnownFileType = text.html; name = English; path = English.lproj/about.html; sourceTree = "<group>"; };
		5001AF841317B1CC00128231 /* English */ = {isa = PBXFileReference; fileEncoding = 4; lastKnownFileType = text.html; name = English; path = English.lproj/splash.html; sourceTree = "<group>"; };
		5001AF871317B1D200128231 /* German */ = {isa = PBXFileReference; lastKnownFileType = text.html; name = German; path = German.lproj/about.html; sourceTree = "<group>"; };
		5001AF881317B1D800128231 /* German */ = {isa = PBXFileReference; lastKnownFileType = text.html; name = German; path = German.lproj/splash.html; sourceTree = "<group>"; };
		5001AF8B1317B20400128231 /* English */ = {isa = PBXFileReference; fileEncoding = 4; lastKnownFileType = text.plist.strings; name = English; path = English.lproj/InfoPlist.strings; sourceTree = "<group>"; };
		5001AF901317B21400128231 /* German */ = {isa = PBXFileReference; lastKnownFileType = text.plist.strings; name = German; path = German.lproj/Localizable.strings; sourceTree = "<group>"; };
		5001AF911317B22D00128231 /* Pomodoro-Info.plist */ = {isa = PBXFileReference; fileEncoding = 4; lastKnownFileType = text.plist.xml; path = "Pomodoro-Info.plist"; sourceTree = "<group>"; };
		6907B7B612DD016300CEB09C /* green.png */ = {isa = PBXFileReference; lastKnownFileType = image.png; path = green.png; sourceTree = "<group>"; };
		6907B7B712DD016300CEB09C /* icon.icns */ = {isa = PBXFileReference; lastKnownFileType = image.icns; path = icon.icns; sourceTree = "<group>"; };
		6907B7B812DD016300CEB09C /* pomodoro.png */ = {isa = PBXFileReference; lastKnownFileType = image.png; path = pomodoro.png; sourceTree = "<group>"; };
		6907B7B912DD016300CEB09C /* pomodoro_n.png */ = {isa = PBXFileReference; lastKnownFileType = image.png; path = pomodoro_n.png; sourceTree = "<group>"; };
		6907B7BA12DD016300CEB09C /* pomodoroBreak.png */ = {isa = PBXFileReference; lastKnownFileType = image.png; path = pomodoroBreak.png; sourceTree = "<group>"; };
		6907B7BB12DD016300CEB09C /* pomodoroBreak_n.png */ = {isa = PBXFileReference; lastKnownFileType = image.png; path = pomodoroBreak_n.png; sourceTree = "<group>"; };
		6907B7BC12DD016300CEB09C /* pomodoroFreeze.png */ = {isa = PBXFileReference; lastKnownFileType = image.png; path = pomodoroFreeze.png; sourceTree = "<group>"; };
		6907B7BD12DD016300CEB09C /* pomodoroFreeze_n.png */ = {isa = PBXFileReference; lastKnownFileType = image.png; path = pomodoroFreeze_n.png; sourceTree = "<group>"; };
		6907B7BE12DD016300CEB09C /* red.png */ = {isa = PBXFileReference; lastKnownFileType = image.png; path = red.png; sourceTree = "<group>"; };
		6907B7BF12DD016300CEB09C /* twitter.png */ = {isa = PBXFileReference; lastKnownFileType = image.png; path = twitter.png; sourceTree = "<group>"; };
		6907B86D12DD063E00CEB09C /* Growl.framework */ = {isa = PBXFileReference; lastKnownFileType = wrapper.framework; name = Growl.framework; path = externalFw/Growl.framework; sourceTree = "<group>"; };
		6907B88612DD099100CEB09C /* Carbon.framework */ = {isa = PBXFileReference; lastKnownFileType = wrapper.framework; name = Carbon.framework; path = System/Library/Frameworks/Carbon.framework; sourceTree = SDKROOT; };
		6907B88B12DD09B800CEB09C /* Pomodoros_1.xcdatamodel */ = {isa = PBXFileReference; fileEncoding = 4; lastKnownFileType = wrapper.xcdatamodel; path = Pomodoros_1.xcdatamodel; sourceTree = "<group>"; };
		6907B88C12DD09B800CEB09C /* README.txt */ = {isa = PBXFileReference; fileEncoding = 4; lastKnownFileType = text; path = README.txt; sourceTree = "<group>"; };
		6907B88D12DD09B800CEB09C /* ReleaseNotes.txt */ = {isa = PBXFileReference; fileEncoding = 4; lastKnownFileType = text; path = ReleaseNotes.txt; sourceTree = "<group>"; };
		6907B8A812DD10B500CEB09C /* ring.wav */ = {isa = PBXFileReference; lastKnownFileType = audio.wav; path = ring.wav; sourceTree = "<group>"; };
		6907B8A912DD10B500CEB09C /* tick.wav */ = {isa = PBXFileReference; lastKnownFileType = audio.wav; path = tick.wav; sourceTree = "<group>"; };
		6907B8B312DD120000CEB09C /* AboutController.h */ = {isa = PBXFileReference; fileEncoding = 4; lastKnownFileType = sourcecode.c.h; name = AboutController.h; path = src/AboutController.h; sourceTree = "<group>"; };
		6907B8B412DD120000CEB09C /* AboutController.m */ = {isa = PBXFileReference; fileEncoding = 4; lastKnownFileType = sourcecode.c.objc; name = AboutController.m; path = src/AboutController.m; sourceTree = "<group>"; };
		6907B8B512DD120000CEB09C /* Binder.h */ = {isa = PBXFileReference; fileEncoding = 4; lastKnownFileType = sourcecode.c.h; name = Binder.h; path = src/Binder.h; sourceTree = "<group>"; };
		6907B8B612DD120000CEB09C /* Binder.m */ = {isa = PBXFileReference; fileEncoding = 4; lastKnownFileType = sourcecode.c.objc; name = Binder.m; path = src/Binder.m; sourceTree = "<group>"; };
		6907B8B712DD120000CEB09C /* DurationFormatter.h */ = {isa = PBXFileReference; fileEncoding = 4; lastKnownFileType = sourcecode.c.h; name = DurationFormatter.h; path = src/DurationFormatter.h; sourceTree = "<group>"; };
		6907B8B812DD120000CEB09C /* DurationFormatter.m */ = {isa = PBXFileReference; fileEncoding = 4; lastKnownFileType = sourcecode.c.objc; name = DurationFormatter.m; path = src/DurationFormatter.m; sourceTree = "<group>"; };
		6907B8B912DD120000CEB09C /* GrowlNotifier.h */ = {isa = PBXFileReference; fileEncoding = 4; lastKnownFileType = sourcecode.c.h; name = GrowlNotifier.h; path = src/GrowlNotifier.h; sourceTree = "<group>"; };
		6907B8BA12DD120000CEB09C /* GrowlNotifier.m */ = {isa = PBXFileReference; fileEncoding = 4; lastKnownFileType = sourcecode.c.objc; name = GrowlNotifier.m; path = src/GrowlNotifier.m; sourceTree = "<group>"; };
		6907B8BB12DD120000CEB09C /* Pomodoro.h */ = {isa = PBXFileReference; fileEncoding = 4; lastKnownFileType = sourcecode.c.h; name = Pomodoro.h; path = src/Pomodoro.h; sourceTree = "<group>"; };
		6907B8BC12DD120000CEB09C /* Pomodoro.m */ = {isa = PBXFileReference; fileEncoding = 4; lastKnownFileType = sourcecode.c.objc; name = Pomodoro.m; path = src/Pomodoro.m; sourceTree = "<group>"; };
		6907B8BD12DD120000CEB09C /* PomodoroArrayController.h */ = {isa = PBXFileReference; fileEncoding = 4; lastKnownFileType = sourcecode.c.h; name = PomodoroArrayController.h; path = src/PomodoroArrayController.h; sourceTree = "<group>"; };
		6907B8BE12DD120000CEB09C /* PomodoroArrayController.m */ = {isa = PBXFileReference; fileEncoding = 4; lastKnownFileType = sourcecode.c.objc; name = PomodoroArrayController.m; path = src/PomodoroArrayController.m; sourceTree = "<group>"; };
		6907B8BF12DD120000CEB09C /* PomodoroController.h */ = {isa = PBXFileReference; fileEncoding = 4; lastKnownFileType = sourcecode.c.h; name = PomodoroController.h; path = src/PomodoroController.h; sourceTree = "<group>"; };
		6907B8C012DD120000CEB09C /* PomodoroController.m */ = {isa = PBXFileReference; fileEncoding = 4; lastKnownFileType = sourcecode.c.objc; name = PomodoroController.m; path = src/PomodoroController.m; sourceTree = "<group>"; };
		6907B8C112DD120000CEB09C /* PomodoroDefaults.h */ = {isa = PBXFileReference; fileEncoding = 4; lastKnownFileType = sourcecode.c.h; name = PomodoroDefaults.h; path = src/PomodoroDefaults.h; sourceTree = "<group>"; };
		6907B8C212DD120000CEB09C /* PomodoroDefaults.m */ = {isa = PBXFileReference; fileEncoding = 4; lastKnownFileType = sourcecode.c.objc; name = PomodoroDefaults.m; path = src/PomodoroDefaults.m; sourceTree = "<group>"; };
		6907B8C512DD120000CEB09C /* StatsController.h */ = {isa = PBXFileReference; fileEncoding = 4; lastKnownFileType = sourcecode.c.h; name = StatsController.h; path = src/StatsController.h; sourceTree = "<group>"; };
		6907B8C612DD120000CEB09C /* StatsController.m */ = {isa = PBXFileReference; fileEncoding = 4; lastKnownFileType = sourcecode.c.objc; name = StatsController.m; path = src/StatsController.m; sourceTree = "<group>"; };
		6907B8DB12DD15A200CEB09C /* MGTwitterEngine.h */ = {isa = PBXFileReference; fileEncoding = 4; lastKnownFileType = sourcecode.c.h; name = MGTwitterEngine.h; path = externalFw/MGTwitterEngine/MGTwitterEngine.h; sourceTree = "<group>"; };
		6907B8DC12DD15A200CEB09C /* MGTwitterEngine.m */ = {isa = PBXFileReference; fileEncoding = 4; lastKnownFileType = sourcecode.c.objc; name = MGTwitterEngine.m; path = externalFw/MGTwitterEngine/MGTwitterEngine.m; sourceTree = "<group>"; };
		6907B8DD12DD15A200CEB09C /* MGTwitterEngineDelegate.h */ = {isa = PBXFileReference; fileEncoding = 4; lastKnownFileType = sourcecode.c.h; name = MGTwitterEngineDelegate.h; path = externalFw/MGTwitterEngine/MGTwitterEngineDelegate.h; sourceTree = "<group>"; };
		6907B8DE12DD15A200CEB09C /* MGTwitterEngineGlobalHeader.h */ = {isa = PBXFileReference; fileEncoding = 4; lastKnownFileType = sourcecode.c.h; name = MGTwitterEngineGlobalHeader.h; path = externalFw/MGTwitterEngine/MGTwitterEngineGlobalHeader.h; sourceTree = "<group>"; };
		6907B8DF12DD15A200CEB09C /* MGTwitterHTTPURLConnection.h */ = {isa = PBXFileReference; fileEncoding = 4; lastKnownFileType = sourcecode.c.h; name = MGTwitterHTTPURLConnection.h; path = externalFw/MGTwitterEngine/MGTwitterHTTPURLConnection.h; sourceTree = "<group>"; };
		6907B8E012DD15A200CEB09C /* MGTwitterHTTPURLConnection.m */ = {isa = PBXFileReference; fileEncoding = 4; lastKnownFileType = sourcecode.c.objc; name = MGTwitterHTTPURLConnection.m; path = externalFw/MGTwitterEngine/MGTwitterHTTPURLConnection.m; sourceTree = "<group>"; };
		6907B8E112DD15A200CEB09C /* MGTwitterLibXMLParser.h */ = {isa = PBXFileReference; fileEncoding = 4; lastKnownFileType = sourcecode.c.h; name = MGTwitterLibXMLParser.h; path = externalFw/MGTwitterEngine/MGTwitterLibXMLParser.h; sourceTree = "<group>"; };
		6907B8E212DD15A200CEB09C /* MGTwitterLibXMLParser.m */ = {isa = PBXFileReference; fileEncoding = 4; lastKnownFileType = sourcecode.c.objc; name = MGTwitterLibXMLParser.m; path = externalFw/MGTwitterEngine/MGTwitterLibXMLParser.m; sourceTree = "<group>"; };
		6907B8E312DD15A200CEB09C /* MGTwitterMessagesLibXMLParser.h */ = {isa = PBXFileReference; fileEncoding = 4; lastKnownFileType = sourcecode.c.h; name = MGTwitterMessagesLibXMLParser.h; path = externalFw/MGTwitterEngine/MGTwitterMessagesLibXMLParser.h; sourceTree = "<group>"; };
		6907B8E412DD15A200CEB09C /* MGTwitterMessagesLibXMLParser.m */ = {isa = PBXFileReference; fileEncoding = 4; lastKnownFileType = sourcecode.c.objc; name = MGTwitterMessagesLibXMLParser.m; path = externalFw/MGTwitterEngine/MGTwitterMessagesLibXMLParser.m; sourceTree = "<group>"; };
		6907B8E512DD15A200CEB09C /* MGTwitterMessagesParser.h */ = {isa = PBXFileReference; fileEncoding = 4; lastKnownFileType = sourcecode.c.h; name = MGTwitterMessagesParser.h; path = externalFw/MGTwitterEngine/MGTwitterMessagesParser.h; sourceTree = "<group>"; };
		6907B8E612DD15A200CEB09C /* MGTwitterMessagesParser.m */ = {isa = PBXFileReference; fileEncoding = 4; lastKnownFileType = sourcecode.c.objc; name = MGTwitterMessagesParser.m; path = externalFw/MGTwitterEngine/MGTwitterMessagesParser.m; sourceTree = "<group>"; };
		6907B8E912DD15A200CEB09C /* MGTwitterMiscLibXMLParser.h */ = {isa = PBXFileReference; fileEncoding = 4; lastKnownFileType = sourcecode.c.h; name = MGTwitterMiscLibXMLParser.h; path = externalFw/MGTwitterEngine/MGTwitterMiscLibXMLParser.h; sourceTree = "<group>"; };
		6907B8EA12DD15A200CEB09C /* MGTwitterMiscLibXMLParser.m */ = {isa = PBXFileReference; fileEncoding = 4; lastKnownFileType = sourcecode.c.objc; name = MGTwitterMiscLibXMLParser.m; path = externalFw/MGTwitterEngine/MGTwitterMiscLibXMLParser.m; sourceTree = "<group>"; };
		6907B8EB12DD15A200CEB09C /* MGTwitterMiscParser.h */ = {isa = PBXFileReference; fileEncoding = 4; lastKnownFileType = sourcecode.c.h; name = MGTwitterMiscParser.h; path = externalFw/MGTwitterEngine/MGTwitterMiscParser.h; sourceTree = "<group>"; };
		6907B8EC12DD15A200CEB09C /* MGTwitterMiscParser.m */ = {isa = PBXFileReference; fileEncoding = 4; lastKnownFileType = sourcecode.c.objc; name = MGTwitterMiscParser.m; path = externalFw/MGTwitterEngine/MGTwitterMiscParser.m; sourceTree = "<group>"; };
		6907B8EF12DD15A200CEB09C /* MGTwitterParserDelegate.h */ = {isa = PBXFileReference; fileEncoding = 4; lastKnownFileType = sourcecode.c.h; name = MGTwitterParserDelegate.h; path = externalFw/MGTwitterEngine/MGTwitterParserDelegate.h; sourceTree = "<group>"; };
		6907B8F012DD15A200CEB09C /* MGTwitterRequestTypes.h */ = {isa = PBXFileReference; fileEncoding = 4; lastKnownFileType = sourcecode.c.h; name = MGTwitterRequestTypes.h; path = externalFw/MGTwitterEngine/MGTwitterRequestTypes.h; sourceTree = "<group>"; };
		6907B8F312DD15A200CEB09C /* MGTwitterSocialGraphLibXMLParser.h */ = {isa = PBXFileReference; fileEncoding = 4; lastKnownFileType = sourcecode.c.h; name = MGTwitterSocialGraphLibXMLParser.h; path = externalFw/MGTwitterEngine/MGTwitterSocialGraphLibXMLParser.h; sourceTree = "<group>"; };
		6907B8F412DD15A200CEB09C /* MGTwitterSocialGraphLibXMLParser.m */ = {isa = PBXFileReference; fileEncoding = 4; lastKnownFileType = sourcecode.c.objc; name = MGTwitterSocialGraphLibXMLParser.m; path = externalFw/MGTwitterEngine/MGTwitterSocialGraphLibXMLParser.m; sourceTree = "<group>"; };
		6907B8F512DD15A200CEB09C /* MGTwitterSocialGraphParser.h */ = {isa = PBXFileReference; fileEncoding = 4; lastKnownFileType = sourcecode.c.h; name = MGTwitterSocialGraphParser.h; path = externalFw/MGTwitterEngine/MGTwitterSocialGraphParser.h; sourceTree = "<group>"; };
		6907B8F612DD15A200CEB09C /* MGTwitterSocialGraphParser.m */ = {isa = PBXFileReference; fileEncoding = 4; lastKnownFileType = sourcecode.c.objc; name = MGTwitterSocialGraphParser.m; path = externalFw/MGTwitterEngine/MGTwitterSocialGraphParser.m; sourceTree = "<group>"; };
		6907B8F712DD15A200CEB09C /* MGTwitterStatusesLibXMLParser.h */ = {isa = PBXFileReference; fileEncoding = 4; lastKnownFileType = sourcecode.c.h; name = MGTwitterStatusesLibXMLParser.h; path = externalFw/MGTwitterEngine/MGTwitterStatusesLibXMLParser.h; sourceTree = "<group>"; };
		6907B8F812DD15A200CEB09C /* MGTwitterStatusesLibXMLParser.m */ = {isa = PBXFileReference; fileEncoding = 4; lastKnownFileType = sourcecode.c.objc; name = MGTwitterStatusesLibXMLParser.m; path = externalFw/MGTwitterEngine/MGTwitterStatusesLibXMLParser.m; sourceTree = "<group>"; };
		6907B8F912DD15A200CEB09C /* MGTwitterStatusesParser.h */ = {isa = PBXFileReference; fileEncoding = 4; lastKnownFileType = sourcecode.c.h; name = MGTwitterStatusesParser.h; path = externalFw/MGTwitterEngine/MGTwitterStatusesParser.h; sourceTree = "<group>"; };
		6907B8FA12DD15A200CEB09C /* MGTwitterStatusesParser.m */ = {isa = PBXFileReference; fileEncoding = 4; lastKnownFileType = sourcecode.c.objc; name = MGTwitterStatusesParser.m; path = externalFw/MGTwitterEngine/MGTwitterStatusesParser.m; sourceTree = "<group>"; };
		6907B8FF12DD15A200CEB09C /* MGTwitterUserListsParser.h */ = {isa = PBXFileReference; fileEncoding = 4; lastKnownFileType = sourcecode.c.h; name = MGTwitterUserListsParser.h; path = externalFw/MGTwitterEngine/MGTwitterUserListsParser.h; sourceTree = "<group>"; };
		6907B90012DD15A200CEB09C /* MGTwitterUserListsParser.m */ = {isa = PBXFileReference; fileEncoding = 4; lastKnownFileType = sourcecode.c.objc; name = MGTwitterUserListsParser.m; path = externalFw/MGTwitterEngine/MGTwitterUserListsParser.m; sourceTree = "<group>"; };
		6907B90112DD15A200CEB09C /* MGTwitterUsersLibXMLParser.h */ = {isa = PBXFileReference; fileEncoding = 4; lastKnownFileType = sourcecode.c.h; name = MGTwitterUsersLibXMLParser.h; path = externalFw/MGTwitterEngine/MGTwitterUsersLibXMLParser.h; sourceTree = "<group>"; };
		6907B90212DD15A200CEB09C /* MGTwitterUsersLibXMLParser.m */ = {isa = PBXFileReference; fileEncoding = 4; lastKnownFileType = sourcecode.c.objc; name = MGTwitterUsersLibXMLParser.m; path = externalFw/MGTwitterEngine/MGTwitterUsersLibXMLParser.m; sourceTree = "<group>"; };
		6907B90312DD15A200CEB09C /* MGTwitterUsersParser.h */ = {isa = PBXFileReference; fileEncoding = 4; lastKnownFileType = sourcecode.c.h; name = MGTwitterUsersParser.h; path = externalFw/MGTwitterEngine/MGTwitterUsersParser.h; sourceTree = "<group>"; };
		6907B90412DD15A200CEB09C /* MGTwitterUsersParser.m */ = {isa = PBXFileReference; fileEncoding = 4; lastKnownFileType = sourcecode.c.objc; name = MGTwitterUsersParser.m; path = externalFw/MGTwitterEngine/MGTwitterUsersParser.m; sourceTree = "<group>"; };
		6907B90712DD15A200CEB09C /* MGTwitterXMLParser.h */ = {isa = PBXFileReference; fileEncoding = 4; lastKnownFileType = sourcecode.c.h; name = MGTwitterXMLParser.h; path = externalFw/MGTwitterEngine/MGTwitterXMLParser.h; sourceTree = "<group>"; };
		6907B90812DD15A200CEB09C /* MGTwitterXMLParser.m */ = {isa = PBXFileReference; fileEncoding = 4; lastKnownFileType = sourcecode.c.objc; name = MGTwitterXMLParser.m; path = externalFw/MGTwitterEngine/MGTwitterXMLParser.m; sourceTree = "<group>"; };
		6907B90B12DD15A200CEB09C /* NSData+Base64.h */ = {isa = PBXFileReference; fileEncoding = 4; lastKnownFileType = sourcecode.c.h; name = "NSData+Base64.h"; path = "externalFw/MGTwitterEngine/NSData+Base64.h"; sourceTree = "<group>"; };
		6907B90C12DD15A200CEB09C /* NSData+Base64.m */ = {isa = PBXFileReference; fileEncoding = 4; lastKnownFileType = sourcecode.c.objc; name = "NSData+Base64.m"; path = "externalFw/MGTwitterEngine/NSData+Base64.m"; sourceTree = "<group>"; };
		6907B90D12DD15A200CEB09C /* NSString+UUID.h */ = {isa = PBXFileReference; fileEncoding = 4; lastKnownFileType = sourcecode.c.h; name = "NSString+UUID.h"; path = "externalFw/MGTwitterEngine/NSString+UUID.h"; sourceTree = "<group>"; };
		6907B90E12DD15A200CEB09C /* NSString+UUID.m */ = {isa = PBXFileReference; fileEncoding = 4; lastKnownFileType = sourcecode.c.objc; name = "NSString+UUID.m"; path = "externalFw/MGTwitterEngine/NSString+UUID.m"; sourceTree = "<group>"; };
		6907BA2712DD1E0900CEB09C /* libxml2.dylib */ = {isa = PBXFileReference; lastKnownFileType = "compiled.mach-o.dylib"; name = libxml2.dylib; path = usr/lib/libxml2.dylib; sourceTree = SDKROOT; };
		6907BD6912DE4BAF00CEB09C /* CalendarStore.framework */ = {isa = PBXFileReference; lastKnownFileType = wrapper.framework; name = CalendarStore.framework; path = System/Library/Frameworks/CalendarStore.framework; sourceTree = SDKROOT; };
		6928F40F1331191D00183D4A /* PomoNotifications.h */ = {isa = PBXFileReference; fileEncoding = 4; lastKnownFileType = sourcecode.c.h; name = PomoNotifications.h; path = src/PomoNotifications.h; sourceTree = "<group>"; };
		694EC35912F626AC00EC011D /* Pomodoro_Prefix.pch */ = {isa = PBXFileReference; fileEncoding = 4; lastKnownFileType = sourcecode.c.h; path = Pomodoro_Prefix.pch; sourceTree = "<group>"; };
		695B900F132D1604003FAEC6 /* Automator.framework */ = {isa = PBXFileReference; lastKnownFileType = wrapper.framework; name = Automator.framework; path = System/Library/Frameworks/Automator.framework; sourceTree = SDKROOT; };
		695B9011132D4192003FAEC6 /* yellow.png */ = {isa = PBXFileReference; lastKnownFileType = image.png; path = yellow.png; sourceTree = "<group>"; };
		695B9013132D7332003FAEC6 /* compile.png */ = {isa = PBXFileReference; lastKnownFileType = image.png; path = compile.png; sourceTree = "<group>"; };
		695B9014132D7332003FAEC6 /* run.png */ = {isa = PBXFileReference; lastKnownFileType = image.png; path = run.png; sourceTree = "<group>"; };
		695B9015132D7333003FAEC6 /* stop.png */ = {isa = PBXFileReference; lastKnownFileType = image.png; path = stop.png; sourceTree = "<group>"; };
		696FE87A13107108005E17FA /* setStatusToAvailableInAdium.applescript */ = {isa = PBXFileReference; fileEncoding = 4; lastKnownFileType = sourcecode.applescript; path = setStatusToAvailableInAdium.applescript; sourceTree = "<group>"; };
		696FE87B13107108005E17FA /* setStatusToPomodoroInAdium.applescript */ = {isa = PBXFileReference; fileEncoding = 4; lastKnownFileType = sourcecode.applescript; path = setStatusToPomodoroInAdium.applescript; sourceTree = "<group>"; };
		696FE9E11311A4CC005E17FA /* setStatusToAvailableInIChat.applescript */ = {isa = PBXFileReference; fileEncoding = 4; lastKnownFileType = sourcecode.applescript; path = setStatusToAvailableInIChat.applescript; sourceTree = "<group>"; };
		696FE9E21311A4CC005E17FA /* setStatusToPomodoroInIChat.applescript */ = {isa = PBXFileReference; fileEncoding = 4; lastKnownFileType = sourcecode.applescript; path = setStatusToPomodoroInIChat.applescript; sourceTree = "<group>"; };
		697280B3130D7810008F1975 /* getToDoListFromThings.applescript */ = {isa = PBXFileReference; fileEncoding = 4; lastKnownFileType = sourcecode.applescript; path = getToDoListFromThings.applescript; sourceTree = "<group>"; };
		69728138130DCF65008F1975 /* getToDoListFromOmniFocus.applescript */ = {isa = PBXFileReference; fileEncoding = 4; lastKnownFileType = sourcecode.applescript; path = getToDoListFromOmniFocus.applescript; sourceTree = "<group>"; };
		69728D22130F5584008F1975 /* SplashController.h */ = {isa = PBXFileReference; fileEncoding = 4; lastKnownFileType = sourcecode.c.h; name = SplashController.h; path = src/SplashController.h; sourceTree = "<group>"; };
		69728D23130F5584008F1975 /* SplashController.m */ = {isa = PBXFileReference; fileEncoding = 4; lastKnownFileType = sourcecode.c.objc; name = SplashController.m; path = src/SplashController.m; sourceTree = "<group>"; };
		69793F3112F4EED200B6CF17 /* CalendarHelper.h */ = {isa = PBXFileReference; fileEncoding = 4; lastKnownFileType = sourcecode.c.h; name = CalendarHelper.h; path = src/CalendarHelper.h; sourceTree = "<group>"; };
		69793F3212F4EED200B6CF17 /* CalendarHelper.m */ = {isa = PBXFileReference; fileEncoding = 4; lastKnownFileType = sourcecode.c.objc; name = CalendarHelper.m; path = src/CalendarHelper.m; sourceTree = "<group>"; };
		69793F3412F4EEF000B6CF17 /* TwitterSecrets.h */ = {isa = PBXFileReference; fileEncoding = 4; lastKnownFileType = sourcecode.c.h; name = TwitterSecrets.h; path = src/TwitterSecrets.h; sourceTree = "<group>"; };
		69793F9312F4F02300B6CF17 /* main.m */ = {isa = PBXFileReference; fileEncoding = 4; lastKnownFileType = sourcecode.c.objc; path = main.m; sourceTree = "<group>"; };
		699B9C6D1330A62B004BC9E9 /* load.png */ = {isa = PBXFileReference; lastKnownFileType = image.png; path = load.png; sourceTree = "<group>"; };
		699B9D1D1330FC19004BC9E9 /* PomodoroNotifier.h */ = {isa = PBXFileReference; fileEncoding = 4; lastKnownFileType = sourcecode.c.h; name = PomodoroNotifier.h; path = src/PomodoroNotifier.h; sourceTree = "<group>"; };
		699B9D1E1330FC19004BC9E9 /* PomodoroNotifier.m */ = {isa = PBXFileReference; fileEncoding = 4; lastKnownFileType = sourcecode.c.objc; name = PomodoroNotifier.m; path = src/PomodoroNotifier.m; sourceTree = "<group>"; };
		69A4068C132C39FC00066ABF /* calendar.png */ = {isa = PBXFileReference; lastKnownFileType = image.png; path = calendar.png; sourceTree = "<group>"; };
		69A4068E132C438F00066ABF /* shortcuts.png */ = {isa = PBXFileReference; lastKnownFileType = image.png; path = shortcuts.png; sourceTree = "<group>"; };
		69A40698132C452A00066ABF /* growl.png */ = {isa = PBXFileReference; lastKnownFileType = image.png; path = growl.png; sourceTree = "<group>"; };
		69A4069A132C46F400066ABF /* audio.png */ = {isa = PBXFileReference; lastKnownFileType = image.png; path = audio.png; sourceTree = "<group>"; };
		69A4069B132C46F400066ABF /* speech.png */ = {isa = PBXFileReference; lastKnownFileType = image.png; path = speech.png; sourceTree = "<group>"; };
		69AA32171302D98E000BBBCF /* insertIntoLoginItems.applescript */ = {isa = PBXFileReference; fileEncoding = 4; lastKnownFileType = sourcecode.applescript; path = insertIntoLoginItems.applescript; sourceTree = "<group>"; };
		69AA32181302D98E000BBBCF /* removeFromLoginItems.applescript */ = {isa = PBXFileReference; fileEncoding = 4; lastKnownFileType = sourcecode.applescript; path = removeFromLoginItems.applescript; sourceTree = "<group>"; };
		69B3A84212FB3B58000AAA1F /* Pomodoros.xcdatamodel */ = {isa = PBXFileReference; lastKnownFileType = wrapper.xcdatamodel; path = Pomodoros.xcdatamodel; sourceTree = "<group>"; };
		69BA899213183D9E00145B83 /* setStatusToAvailableInSkype.applescript */ = {isa = PBXFileReference; fileEncoding = 4; lastKnownFileType = sourcecode.applescript; path = setStatusToAvailableInSkype.applescript; sourceTree = "<group>"; };
		69BA899313183D9E00145B83 /* setStatusToPomodoroInSkype.applescript */ = {isa = PBXFileReference; fileEncoding = 4; lastKnownFileType = sourcecode.applescript; path = setStatusToPomodoroInSkype.applescript; sourceTree = "<group>"; };
		69DEFAFB12FCC0C00083941C /* PTHotKey.h */ = {isa = PBXFileReference; fileEncoding = 4; lastKnownFileType = sourcecode.c.h; name = PTHotKey.h; path = externalFw/shortcutrecorder/Demo/HotKey/PTHotKey.h; sourceTree = "<group>"; };
		69DEFAFC12FCC0C00083941C /* PTHotKey.m */ = {isa = PBXFileReference; fileEncoding = 4; lastKnownFileType = sourcecode.c.objc; name = PTHotKey.m; path = externalFw/shortcutrecorder/Demo/HotKey/PTHotKey.m; sourceTree = "<group>"; };
		69DEFAFD12FCC0C00083941C /* PTHotKeyCenter.h */ = {isa = PBXFileReference; fileEncoding = 4; lastKnownFileType = sourcecode.c.h; name = PTHotKeyCenter.h; path = externalFw/shortcutrecorder/Demo/HotKey/PTHotKeyCenter.h; sourceTree = "<group>"; };
		69DEFAFE12FCC0C00083941C /* PTHotKeyCenter.m */ = {isa = PBXFileReference; fileEncoding = 4; lastKnownFileType = sourcecode.c.objc; name = PTHotKeyCenter.m; path = externalFw/shortcutrecorder/Demo/HotKey/PTHotKeyCenter.m; sourceTree = "<group>"; };
		69DEFAFF12FCC0C00083941C /* PTKeyCodeTranslator.h */ = {isa = PBXFileReference; fileEncoding = 4; lastKnownFileType = sourcecode.c.h; name = PTKeyCodeTranslator.h; path = externalFw/shortcutrecorder/Demo/HotKey/PTKeyCodeTranslator.h; sourceTree = "<group>"; };
		69DEFB0012FCC0C00083941C /* PTKeyCodeTranslator.m */ = {isa = PBXFileReference; fileEncoding = 4; lastKnownFileType = sourcecode.c.objc; name = PTKeyCodeTranslator.m; path = externalFw/shortcutrecorder/Demo/HotKey/PTKeyCodeTranslator.m; sourceTree = "<group>"; };
		69DEFB0112FCC0C00083941C /* PTKeyCombo.h */ = {isa = PBXFileReference; fileEncoding = 4; lastKnownFileType = sourcecode.c.h; name = PTKeyCombo.h; path = externalFw/shortcutrecorder/Demo/HotKey/PTKeyCombo.h; sourceTree = "<group>"; };
		69DEFB0212FCC0C00083941C /* PTKeyCombo.m */ = {isa = PBXFileReference; fileEncoding = 4; lastKnownFileType = sourcecode.c.objc; name = PTKeyCombo.m; path = externalFw/shortcutrecorder/Demo/HotKey/PTKeyCombo.m; sourceTree = "<group>"; };
		69F52CB1130FD8BB0035E0D4 /* Scripter.h */ = {isa = PBXFileReference; fileEncoding = 4; lastKnownFileType = sourcecode.c.h; name = Scripter.h; path = src/Scripter.h; sourceTree = "<group>"; };
		69F52CB2130FD8BB0035E0D4 /* Scripter.m */ = {isa = PBXFileReference; fileEncoding = 4; lastKnownFileType = sourcecode.c.objc; name = Scripter.m; path = src/Scripter.m; sourceTree = "<group>"; };
		69F52D1213103CEC0035E0D4 /* addTodoToThings.applescript */ = {isa = PBXFileReference; fileEncoding = 4; lastKnownFileType = sourcecode.applescript; path = addTodoToThings.applescript; sourceTree = "<group>"; };
		69F52D53131066FF0035E0D4 /* addTodoToOmniFocus.applescript */ = {isa = PBXFileReference; fileEncoding = 4; lastKnownFileType = sourcecode.applescript; path = addTodoToOmniFocus.applescript; sourceTree = "<group>"; };
		69FEE3BF1318153700DA1332 /* English */ = {isa = PBXFileReference; lastKnownFileType = text.plist.strings; name = English; path = English.lproj/Localizable.strings; sourceTree = "<group>"; };
		8D1107320486CEB800E47090 /* Pomodoro.app */ = {isa = PBXFileReference; explicitFileType = wrapper.application; includeInIndex = 0; path = Pomodoro.app; sourceTree = BUILT_PRODUCTS_DIR; };
/* End PBXFileReference section */

/* Begin PBXFrameworksBuildPhase section */
		8D11072E0486CEB800E47090 /* Frameworks */ = {
			isa = PBXFrameworksBuildPhase;
			buildActionMask = 2147483647;
			files = (
				695B9010132D1604003FAEC6 /* Automator.framework in Frameworks */,
				8D11072F0486CEB800E47090 /* Cocoa.framework in Frameworks */,
				6907B86E12DD063E00CEB09C /* Growl.framework in Frameworks */,
				6907B88712DD099100CEB09C /* Carbon.framework in Frameworks */,
				6907BA2812DD1E0900CEB09C /* libxml2.dylib in Frameworks */,
				6907BD6A12DE4BAF00CEB09C /* CalendarStore.framework in Frameworks */,
				2250A36113034B6F001EFC92 /* ShortcutRecorder.framework in Frameworks */,
				2250A56A13034DEC001EFC92 /* BGHUDAppKit.framework in Frameworks */,
				2250A56E13034DFB001EFC92 /* OAuthConsumer.framework in Frameworks */,
			);
			runOnlyForDeploymentPostprocessing = 0;
		};
/* End PBXFrameworksBuildPhase section */

/* Begin PBXGroup section */
		080E96DDFE201D6D7F000001 /* Classes */ = {
			isa = PBXGroup;
			children = (
				6907B8DA12DD155000CEB09C /* MGTwitterEngine */,
				6907B8AE12DD10F100CEB09C /* Controller */,
				6907B8AD12DD10E300CEB09C /* Helper */,
				6907B8AC12DD10DC00CEB09C /* Pomodoro */,
				6907B89E12DD0A2C00CEB09C /* PTHotKey */,
			);
			name = Classes;
			sourceTree = "<group>";
		};
		1058C7A0FEA54F0111CA2CBB /* Linked Frameworks */ = {
			isa = PBXGroup;
			children = (
				1058C7A1FEA54F0111CA2CBB /* Cocoa.framework */,
				6907B88612DD099100CEB09C /* Carbon.framework */,
			);
			name = "Linked Frameworks";
			sourceTree = "<group>";
		};
		1058C7A2FEA54F0111CA2CBB /* Other Frameworks */ = {
			isa = PBXGroup;
			children = (
				695B900F132D1604003FAEC6 /* Automator.framework */,
				2250A56913034DEC001EFC92 /* BGHUDAppKit.framework */,
				2250A56D13034DFB001EFC92 /* OAuthConsumer.framework */,
				2250A36013034B6F001EFC92 /* ShortcutRecorder.framework */,
				6907BD6912DE4BAF00CEB09C /* CalendarStore.framework */,
				29B97324FDCFA39411CA2CEA /* AppKit.framework */,
				13E42FB307B3F0F600E4EEF1 /* CoreData.framework */,
				29B97325FDCFA39411CA2CEA /* Foundation.framework */,
				6907B86D12DD063E00CEB09C /* Growl.framework */,
				6907BA2712DD1E0900CEB09C /* libxml2.dylib */,
			);
			name = "Other Frameworks";
			sourceTree = "<group>";
		};
		19C28FACFE9D520D11CA2CBB /* Products */ = {
			isa = PBXGroup;
			children = (
				8D1107320486CEB800E47090 /* Pomodoro.app */,
			);
			name = Products;
			sourceTree = "<group>";
		};
		2250A54613034D19001EFC92 /* Products */ = {
			isa = PBXGroup;
			children = (
				2250A54F13034D19001EFC92 /* OAuthConsumer.framework */,
				2250A55113034D19001EFC92 /* OAuthConsumerTestSuite.octest */,
			);
			name = Products;
			sourceTree = "<group>";
		};
		2250A55713034D3A001EFC92 /* Products */ = {
			isa = PBXGroup;
			children = (
				2250A56213034D3A001EFC92 /* BGHUDAppKit.framework */,
			);
			name = Products;
			sourceTree = "<group>";
		};
		2295A3631303490F00AD0E85 /* Dependencies */ = {
			isa = PBXGroup;
			children = (
				2250A55613034D3A001EFC92 /* BGHUDAppKit.xcodeproj */,
				2250A54513034D19001EFC92 /* OAuthConsumer.xcodeproj */,
				2295A3661303492600AD0E85 /* ShortcutRecorder.xcodeproj */,
			);
			name = Dependencies;
			sourceTree = "<group>";
		};
		2295A3671303492600AD0E85 /* Products */ = {
			isa = PBXGroup;
			children = (
				2295A3701303492600AD0E85 /* ShortcutRecorder.framework */,
				2295A3741303492600AD0E85 /* ShortcutRecorder.app */,
				2295A3781303492600AD0E85 /* ShortcutRecorder.framework */,
			);
			name = Products;
			sourceTree = "<group>";
		};
		29B97314FDCFA39411CA2CEA /* Pomodoro */ = {
			isa = PBXGroup;
			children = (
				2295A3631303490F00AD0E85 /* Dependencies */,
				080E96DDFE201D6D7F000001 /* Classes */,
				29B97315FDCFA39411CA2CEA /* Other Sources */,
				29B97317FDCFA39411CA2CEA /* Resources */,
				29B97323FDCFA39411CA2CEA /* Frameworks */,
				19C28FACFE9D520D11CA2CBB /* Products */,
			);
			name = Pomodoro;
			sourceTree = "<group>";
		};
		29B97315FDCFA39411CA2CEA /* Other Sources */ = {
			isa = PBXGroup;
			children = (
				694EC35912F626AC00EC011D /* Pomodoro_Prefix.pch */,
				69793F9312F4F02300B6CF17 /* main.m */,
			);
			name = "Other Sources";
			sourceTree = "<group>";
		};
		29B97317FDCFA39411CA2CEA /* Resources */ = {
			isa = PBXGroup;
			children = (
				5001AF801317B1B800128231 /* formatted text */,
				6907B7B512DD016300CEB09C /* images */,
				5001AF6F1317B17500128231 /* interfaces */,
				69AA32161302D98E000BBBCF /* scripts */,
				6907B8A712DD10B500CEB09C /* sounds */,
				5001AF891317B1F600128231 /* strings */,
				6907B89112DD09D400CEB09C /* README */,
				5001AF911317B22D00128231 /* Pomodoro-Info.plist */,
			);
			name = Resources;
			sourceTree = "<group>";
		};
		29B97323FDCFA39411CA2CEA /* Frameworks */ = {
			isa = PBXGroup;
			children = (
				1058C7A0FEA54F0111CA2CBB /* Linked Frameworks */,
				1058C7A2FEA54F0111CA2CBB /* Other Frameworks */,
			);
			name = Frameworks;
			sourceTree = "<group>";
		};
		5001AF6F1317B17500128231 /* interfaces */ = {
			isa = PBXGroup;
			children = (
				5001AF701317B18800128231 /* About.xib */,
				5001AF741317B18800128231 /* Splash.xib */,
				5001AF761317B18800128231 /* Stats.xib */,
				5001AF721317B18800128231 /* MainMenu.xib */,
			);
			name = interfaces;
			sourceTree = "<group>";
		};
		5001AF801317B1B800128231 /* formatted text */ = {
			isa = PBXGroup;
			children = (
				5001AF811317B1CC00128231 /* about.html */,
				5001AF831317B1CC00128231 /* splash.html */,
			);
			name = "formatted text";
			sourceTree = "<group>";
		};
		5001AF891317B1F600128231 /* strings */ = {
			isa = PBXGroup;
			children = (
				5001AF8A1317B20400128231 /* InfoPlist.strings */,
				5001AF8C1317B20400128231 /* Localizable.strings */,
			);
			name = strings;
			sourceTree = "<group>";
		};
		6907B7B512DD016300CEB09C /* images */ = {
			isa = PBXGroup;
			children = (
				699B9C6D1330A62B004BC9E9 /* load.png */,
				695B9013132D7332003FAEC6 /* compile.png */,
				695B9014132D7332003FAEC6 /* run.png */,
				695B9015132D7333003FAEC6 /* stop.png */,
				695B9011132D4192003FAEC6 /* yellow.png */,
				69A4069A132C46F400066ABF /* audio.png */,
				69A4069B132C46F400066ABF /* speech.png */,
				69A40698132C452A00066ABF /* growl.png */,
				69A4068E132C438F00066ABF /* shortcuts.png */,
				69A4068C132C39FC00066ABF /* calendar.png */,
				6907B7B612DD016300CEB09C /* green.png */,
				6907B7B712DD016300CEB09C /* icon.icns */,
				6907B7B812DD016300CEB09C /* pomodoro.png */,
				6907B7B912DD016300CEB09C /* pomodoro_n.png */,
				6907B7BA12DD016300CEB09C /* pomodoroBreak.png */,
				6907B7BB12DD016300CEB09C /* pomodoroBreak_n.png */,
				6907B7BC12DD016300CEB09C /* pomodoroFreeze.png */,
				6907B7BD12DD016300CEB09C /* pomodoroFreeze_n.png */,
				6907B7BE12DD016300CEB09C /* red.png */,
				6907B7BF12DD016300CEB09C /* twitter.png */,
			);
			path = images;
			sourceTree = "<group>";
		};
		6907B89112DD09D400CEB09C /* README */ = {
			isa = PBXGroup;
			children = (
				6907B88D12DD09B800CEB09C /* ReleaseNotes.txt */,
				6907B88C12DD09B800CEB09C /* README.txt */,
			);
			name = README;
			sourceTree = "<group>";
		};
		6907B89E12DD0A2C00CEB09C /* PTHotKey */ = {
			isa = PBXGroup;
			children = (
				69DEFAFB12FCC0C00083941C /* PTHotKey.h */,
				69DEFAFC12FCC0C00083941C /* PTHotKey.m */,
				69DEFAFD12FCC0C00083941C /* PTHotKeyCenter.h */,
				69DEFAFE12FCC0C00083941C /* PTHotKeyCenter.m */,
				69DEFAFF12FCC0C00083941C /* PTKeyCodeTranslator.h */,
				69DEFB0012FCC0C00083941C /* PTKeyCodeTranslator.m */,
				69DEFB0112FCC0C00083941C /* PTKeyCombo.h */,
				69DEFB0212FCC0C00083941C /* PTKeyCombo.m */,
			);
			name = PTHotKey;
			sourceTree = "<group>";
		};
		6907B8A712DD10B500CEB09C /* sounds */ = {
			isa = PBXGroup;
			children = (
				6907B8A812DD10B500CEB09C /* ring.wav */,
				6907B8A912DD10B500CEB09C /* tick.wav */,
			);
			path = sounds;
			sourceTree = "<group>";
		};
		6907B8AC12DD10DC00CEB09C /* Pomodoro */ = {
			isa = PBXGroup;
			children = (
				69B3A84012FB3B58000AAA1F /* Pomodoros.xcdatamodeld */,
				6928F40F1331191D00183D4A /* PomoNotifications.h */,
				6907B8BB12DD120000CEB09C /* Pomodoro.h */,
				6907B8BC12DD120000CEB09C /* Pomodoro.m */,
				699B9D1D1330FC19004BC9E9 /* PomodoroNotifier.h */,
				699B9D1E1330FC19004BC9E9 /* PomodoroNotifier.m */,
			);
			name = Pomodoro;
			sourceTree = "<group>";
		};
		6907B8AD12DD10E300CEB09C /* Helper */ = {
			isa = PBXGroup;
			children = (
				69F52CB1130FD8BB0035E0D4 /* Scripter.h */,
				69F52CB2130FD8BB0035E0D4 /* Scripter.m */,
				69793F3112F4EED200B6CF17 /* CalendarHelper.h */,
				69793F3212F4EED200B6CF17 /* CalendarHelper.m */,
				6907B8B512DD120000CEB09C /* Binder.h */,
				6907B8B612DD120000CEB09C /* Binder.m */,
				6907B8B712DD120000CEB09C /* DurationFormatter.h */,
				6907B8B812DD120000CEB09C /* DurationFormatter.m */,
				6907B8B912DD120000CEB09C /* GrowlNotifier.h */,
				6907B8BA12DD120000CEB09C /* GrowlNotifier.m */,
				6907B8C112DD120000CEB09C /* PomodoroDefaults.h */,
				6907B8C212DD120000CEB09C /* PomodoroDefaults.m */,
			);
			name = Helper;
			sourceTree = "<group>";
		};
		6907B8AE12DD10F100CEB09C /* Controller */ = {
			isa = PBXGroup;
			children = (
				69728D22130F5584008F1975 /* SplashController.h */,
				69728D23130F5584008F1975 /* SplashController.m */,
				69793F3412F4EEF000B6CF17 /* TwitterSecrets.h */,
				6907B8B312DD120000CEB09C /* AboutController.h */,
				6907B8B412DD120000CEB09C /* AboutController.m */,
				6907B8BD12DD120000CEB09C /* PomodoroArrayController.h */,
				6907B8BE12DD120000CEB09C /* PomodoroArrayController.m */,
				6907B8BF12DD120000CEB09C /* PomodoroController.h */,
				6907B8C012DD120000CEB09C /* PomodoroController.m */,
				6907B8C512DD120000CEB09C /* StatsController.h */,
				6907B8C612DD120000CEB09C /* StatsController.m */,
			);
			name = Controller;
			sourceTree = "<group>";
		};
		6907B8DA12DD155000CEB09C /* MGTwitterEngine */ = {
			isa = PBXGroup;
			children = (
				6907B8DB12DD15A200CEB09C /* MGTwitterEngine.h */,
				6907B8DC12DD15A200CEB09C /* MGTwitterEngine.m */,
				6907B8DD12DD15A200CEB09C /* MGTwitterEngineDelegate.h */,
				6907B8DE12DD15A200CEB09C /* MGTwitterEngineGlobalHeader.h */,
				6907B8DF12DD15A200CEB09C /* MGTwitterHTTPURLConnection.h */,
				6907B8E012DD15A200CEB09C /* MGTwitterHTTPURLConnection.m */,
				6907B8E112DD15A200CEB09C /* MGTwitterLibXMLParser.h */,
				6907B8E212DD15A200CEB09C /* MGTwitterLibXMLParser.m */,
				6907B8E312DD15A200CEB09C /* MGTwitterMessagesLibXMLParser.h */,
				6907B8E412DD15A200CEB09C /* MGTwitterMessagesLibXMLParser.m */,
				6907B8E512DD15A200CEB09C /* MGTwitterMessagesParser.h */,
				6907B8E612DD15A200CEB09C /* MGTwitterMessagesParser.m */,
				6907B8E912DD15A200CEB09C /* MGTwitterMiscLibXMLParser.h */,
				6907B8EA12DD15A200CEB09C /* MGTwitterMiscLibXMLParser.m */,
				6907B8EB12DD15A200CEB09C /* MGTwitterMiscParser.h */,
				6907B8EC12DD15A200CEB09C /* MGTwitterMiscParser.m */,
				6907B8EF12DD15A200CEB09C /* MGTwitterParserDelegate.h */,
				6907B8F012DD15A200CEB09C /* MGTwitterRequestTypes.h */,
				6907B8F312DD15A200CEB09C /* MGTwitterSocialGraphLibXMLParser.h */,
				6907B8F412DD15A200CEB09C /* MGTwitterSocialGraphLibXMLParser.m */,
				6907B8F512DD15A200CEB09C /* MGTwitterSocialGraphParser.h */,
				6907B8F612DD15A200CEB09C /* MGTwitterSocialGraphParser.m */,
				6907B8F712DD15A200CEB09C /* MGTwitterStatusesLibXMLParser.h */,
				6907B8F812DD15A200CEB09C /* MGTwitterStatusesLibXMLParser.m */,
				6907B8F912DD15A200CEB09C /* MGTwitterStatusesParser.h */,
				6907B8FA12DD15A200CEB09C /* MGTwitterStatusesParser.m */,
				6907B8FF12DD15A200CEB09C /* MGTwitterUserListsParser.h */,
				6907B90012DD15A200CEB09C /* MGTwitterUserListsParser.m */,
				6907B90112DD15A200CEB09C /* MGTwitterUsersLibXMLParser.h */,
				6907B90212DD15A200CEB09C /* MGTwitterUsersLibXMLParser.m */,
				6907B90312DD15A200CEB09C /* MGTwitterUsersParser.h */,
				6907B90412DD15A200CEB09C /* MGTwitterUsersParser.m */,
				6907B90712DD15A200CEB09C /* MGTwitterXMLParser.h */,
				6907B90812DD15A200CEB09C /* MGTwitterXMLParser.m */,
				6907B90B12DD15A200CEB09C /* NSData+Base64.h */,
				6907B90C12DD15A200CEB09C /* NSData+Base64.m */,
				6907B90D12DD15A200CEB09C /* NSString+UUID.h */,
				6907B90E12DD15A200CEB09C /* NSString+UUID.m */,
			);
			name = MGTwitterEngine;
			sourceTree = "<group>";
		};
		69AA32161302D98E000BBBCF /* scripts */ = {
			isa = PBXGroup;
			children = (
				69BA899213183D9E00145B83 /* setStatusToAvailableInSkype.applescript */,
				69BA899313183D9E00145B83 /* setStatusToPomodoroInSkype.applescript */,
				696FE9E11311A4CC005E17FA /* setStatusToAvailableInIChat.applescript */,
				696FE9E21311A4CC005E17FA /* setStatusToPomodoroInIChat.applescript */,
				696FE87A13107108005E17FA /* setStatusToAvailableInAdium.applescript */,
				696FE87B13107108005E17FA /* setStatusToPomodoroInAdium.applescript */,
				69F52D53131066FF0035E0D4 /* addTodoToOmniFocus.applescript */,
				69F52D1213103CEC0035E0D4 /* addTodoToThings.applescript */,
				69728138130DCF65008F1975 /* getToDoListFromOmniFocus.applescript */,
				697280B3130D7810008F1975 /* getToDoListFromThings.applescript */,
				69AA32171302D98E000BBBCF /* insertIntoLoginItems.applescript */,
				69AA32181302D98E000BBBCF /* removeFromLoginItems.applescript */,
			);
			path = scripts;
			sourceTree = "<group>";
		};
/* End PBXGroup section */

/* Begin PBXNativeTarget section */
		8D1107260486CEB800E47090 /* Pomodoro */ = {
			isa = PBXNativeTarget;
			buildConfigurationList = C01FCF4A08A954540054247B /* Build configuration list for PBXNativeTarget "Pomodoro" */;
			buildPhases = (
				8D1107290486CEB800E47090 /* Resources */,
				8D11072C0486CEB800E47090 /* Sources */,
				8D11072E0486CEB800E47090 /* Frameworks */,
				6907B84312DD03FF00CEB09C /* CopyFiles */,
				6907B84512DD041500CEB09C /* ShellScript */,
			);
			buildRules = (
			);
			dependencies = (
			);
			name = Pomodoro;
			productInstallPath = "$(HOME)/Applications";
			productName = Pomodoro;
			productReference = 8D1107320486CEB800E47090 /* Pomodoro.app */;
			productType = "com.apple.product-type.application";
		};
/* End PBXNativeTarget section */

/* Begin PBXProject section */
		29B97313FDCFA39411CA2CEA /* Project object */ = {
			isa = PBXProject;
			buildConfigurationList = C01FCF4E08A954540054247B /* Build configuration list for PBXProject "Pomodoro" */;
			compatibilityVersion = "Xcode 3.1";
			developmentRegion = English;
			hasScannedForEncodings = 1;
			knownRegions = (
				English,
				Japanese,
				French,
				German,
				Dutch,
				sv,
			);
			mainGroup = 29B97314FDCFA39411CA2CEA /* Pomodoro */;
			projectDirPath = "";
			projectReferences = (
				{
					ProductGroup = 2250A55713034D3A001EFC92 /* Products */;
					ProjectRef = 2250A55613034D3A001EFC92 /* BGHUDAppKit.xcodeproj */;
				},
				{
					ProductGroup = 2250A54613034D19001EFC92 /* Products */;
					ProjectRef = 2250A54513034D19001EFC92 /* OAuthConsumer.xcodeproj */;
				},
				{
					ProductGroup = 2295A3671303492600AD0E85 /* Products */;
					ProjectRef = 2295A3661303492600AD0E85 /* ShortcutRecorder.xcodeproj */;
				},
			);
			projectRoot = "";
			targets = (
				8D1107260486CEB800E47090 /* Pomodoro */,
			);
		};
/* End PBXProject section */

/* Begin PBXReferenceProxy section */
		2250A54F13034D19001EFC92 /* OAuthConsumer.framework */ = {
			isa = PBXReferenceProxy;
			fileType = wrapper.framework;
			path = OAuthConsumer.framework;
			remoteRef = 2250A54E13034D19001EFC92 /* PBXContainerItemProxy */;
			sourceTree = BUILT_PRODUCTS_DIR;
		};
		2250A55113034D19001EFC92 /* OAuthConsumerTestSuite.octest */ = {
			isa = PBXReferenceProxy;
			fileType = wrapper.cfbundle;
			path = OAuthConsumerTestSuite.octest;
			remoteRef = 2250A55013034D19001EFC92 /* PBXContainerItemProxy */;
			sourceTree = BUILT_PRODUCTS_DIR;
		};
		2250A56213034D3A001EFC92 /* BGHUDAppKit.framework */ = {
			isa = PBXReferenceProxy;
			fileType = wrapper.framework;
			path = BGHUDAppKit.framework;
			remoteRef = 2250A56113034D3A001EFC92 /* PBXContainerItemProxy */;
			sourceTree = BUILT_PRODUCTS_DIR;
		};
		2295A3701303492600AD0E85 /* ShortcutRecorder.framework */ = {
			isa = PBXReferenceProxy;
			fileType = wrapper.framework;
			path = ShortcutRecorder.framework;
			remoteRef = 2295A36F1303492600AD0E85 /* PBXContainerItemProxy */;
			sourceTree = BUILT_PRODUCTS_DIR;
		};
		2295A3741303492600AD0E85 /* ShortcutRecorder.app */ = {
			isa = PBXReferenceProxy;
			fileType = wrapper.application;
			path = ShortcutRecorder.app;
			remoteRef = 2295A3731303492600AD0E85 /* PBXContainerItemProxy */;
			sourceTree = BUILT_PRODUCTS_DIR;
		};
		2295A3781303492600AD0E85 /* ShortcutRecorder.framework */ = {
			isa = PBXReferenceProxy;
			fileType = wrapper.framework;
			path = ShortcutRecorder.framework;
			remoteRef = 2295A3771303492600AD0E85 /* PBXContainerItemProxy */;
			sourceTree = BUILT_PRODUCTS_DIR;
		};
/* End PBXReferenceProxy section */

/* Begin PBXResourcesBuildPhase section */
		8D1107290486CEB800E47090 /* Resources */ = {
			isa = PBXResourcesBuildPhase;
			buildActionMask = 2147483647;
			files = (
				693582191318421000BB2C0F /* setStatusToAvailableInSkype.applescript in Resources */,
				6935821A1318421000BB2C0F /* setStatusToPomodoroInSkype.applescript in Resources */,
				696FE9E51311A4D4005E17FA /* setStatusToAvailableInIChat.applescript in Resources */,
				696FE9E61311A4D4005E17FA /* setStatusToPomodoroInIChat.applescript in Resources */,
				696FE8C513109EA4005E17FA /* setStatusToAvailableInAdium.applescript in Resources */,
				696FE8C613109EA9005E17FA /* setStatusToPomodoroInAdium.applescript in Resources */,
				69F52D55131067050035E0D4 /* addTodoToOmniFocus.applescript in Resources */,
				69F52D35131061B40035E0D4 /* addTodoToThings.applescript in Resources */,
				6972813A130DCF6D008F1975 /* getToDoListFromOmniFocus.applescript in Resources */,
				697280B5130D7828008F1975 /* getToDoListFromThings.applescript in Resources */,
				69AA321B1302D9A5000BBBCF /* insertIntoLoginItems.applescript in Resources */,
				69AA321C1302D9AB000BBBCF /* removeFromLoginItems.applescript in Resources */,
				6907B7C012DD016300CEB09C /* green.png in Resources */,
				6907B7C112DD016300CEB09C /* icon.icns in Resources */,
				6907B7C212DD016300CEB09C /* pomodoro.png in Resources */,
				6907B7C312DD016300CEB09C /* pomodoro_n.png in Resources */,
				6907B7C412DD016300CEB09C /* pomodoroBreak.png in Resources */,
				6907B7C512DD016300CEB09C /* pomodoroBreak_n.png in Resources */,
				6907B7C612DD016300CEB09C /* pomodoroFreeze.png in Resources */,
				6907B7C712DD016300CEB09C /* pomodoroFreeze_n.png in Resources */,
				6907B7C812DD016300CEB09C /* red.png in Resources */,
				6907B7C912DD016300CEB09C /* twitter.png in Resources */,
				6907B88F12DD09B800CEB09C /* README.txt in Resources */,
				6907B89012DD09B800CEB09C /* ReleaseNotes.txt in Resources */,
				6907B8AA12DD10B500CEB09C /* ring.wav in Resources */,
				6907B8AB12DD10B500CEB09C /* tick.wav in Resources */,
				5001AF781317B18800128231 /* About.xib in Resources */,
				5001AF791317B18800128231 /* MainMenu.xib in Resources */,
				5001AF7A1317B18800128231 /* Splash.xib in Resources */,
				5001AF7B1317B18800128231 /* Stats.xib in Resources */,
				5001AF851317B1CC00128231 /* about.html in Resources */,
				5001AF861317B1CC00128231 /* splash.html in Resources */,
				5001AF8E1317B20400128231 /* InfoPlist.strings in Resources */,
				5001AF8F1317B20400128231 /* Localizable.strings in Resources */,
				69A4068D132C39FC00066ABF /* calendar.png in Resources */,
				69A4068F132C438F00066ABF /* shortcuts.png in Resources */,
				69A40699132C452A00066ABF /* growl.png in Resources */,
				69A4069C132C46F500066ABF /* audio.png in Resources */,
				69A4069D132C46F500066ABF /* speech.png in Resources */,
				695B9012132D4192003FAEC6 /* yellow.png in Resources */,
				695B9016132D7334003FAEC6 /* compile.png in Resources */,
				695B9017132D7334003FAEC6 /* run.png in Resources */,
				695B9018132D7334003FAEC6 /* stop.png in Resources */,
				699B9C6E1330A62B004BC9E9 /* load.png in Resources */,
			);
			runOnlyForDeploymentPostprocessing = 0;
		};
/* End PBXResourcesBuildPhase section */

/* Begin PBXShellScriptBuildPhase section */
		6907B84512DD041500CEB09C /* ShellScript */ = {
			isa = PBXShellScriptBuildPhase;
			buildActionMask = 2147483647;
			files = (
			);
			inputPaths = (
			);
			outputPaths = (
			);
			runOnlyForDeploymentPostprocessing = 0;
			shellPath = /bin/sh;
			shellScript = "rm -fR \"${CONFIGURATION_BUILD_DIR}/${WRAPPER_NAME}/Contents/Frameworks/BGHUDAppKit.framework/Versions/Current/Resources\"";
		};
/* End PBXShellScriptBuildPhase section */

/* Begin PBXSourcesBuildPhase section */
		8D11072C0486CEB800E47090 /* Sources */ = {
			isa = PBXSourcesBuildPhase;
			buildActionMask = 2147483647;
			files = (
				69B3A84112FB3B58000AAA1F /* Pomodoros.xcdatamodeld in Sources */,
				6907B8C812DD120000CEB09C /* AboutController.m in Sources */,
				6907B8C912DD120000CEB09C /* Binder.m in Sources */,
				6907B8CA12DD120000CEB09C /* DurationFormatter.m in Sources */,
				6907B8CB12DD120000CEB09C /* GrowlNotifier.m in Sources */,
				6907B8CC12DD120000CEB09C /* Pomodoro.m in Sources */,
				6907B8CD12DD120000CEB09C /* PomodoroArrayController.m in Sources */,
				6907B8CE12DD120000CEB09C /* PomodoroController.m in Sources */,
				6907B8CF12DD120000CEB09C /* PomodoroDefaults.m in Sources */,
				6907B8D112DD120000CEB09C /* StatsController.m in Sources */,
				6907B90F12DD15A200CEB09C /* MGTwitterEngine.m in Sources */,
				6907B91012DD15A200CEB09C /* MGTwitterHTTPURLConnection.m in Sources */,
				6907B91112DD15A200CEB09C /* MGTwitterLibXMLParser.m in Sources */,
				6907B91212DD15A200CEB09C /* MGTwitterMessagesLibXMLParser.m in Sources */,
				6907B91312DD15A200CEB09C /* MGTwitterMessagesParser.m in Sources */,
				6907B91512DD15A200CEB09C /* MGTwitterMiscLibXMLParser.m in Sources */,
				6907B91612DD15A200CEB09C /* MGTwitterMiscParser.m in Sources */,
				6907B91912DD15A200CEB09C /* MGTwitterSocialGraphLibXMLParser.m in Sources */,
				6907B91A12DD15A200CEB09C /* MGTwitterSocialGraphParser.m in Sources */,
				6907B91B12DD15A200CEB09C /* MGTwitterStatusesLibXMLParser.m in Sources */,
				6907B91C12DD15A200CEB09C /* MGTwitterStatusesParser.m in Sources */,
				6907B91F12DD15A200CEB09C /* MGTwitterUserListsParser.m in Sources */,
				6907B92012DD15A200CEB09C /* MGTwitterUsersLibXMLParser.m in Sources */,
				6907B92112DD15A200CEB09C /* MGTwitterUsersParser.m in Sources */,
				6907B92312DD15A200CEB09C /* MGTwitterXMLParser.m in Sources */,
				6907B92512DD15A200CEB09C /* NSData+Base64.m in Sources */,
				6907B92612DD15A200CEB09C /* NSString+UUID.m in Sources */,
				69793F3312F4EED200B6CF17 /* CalendarHelper.m in Sources */,
				69793F9412F4F02300B6CF17 /* main.m in Sources */,
				69DEFB0312FCC0C00083941C /* PTHotKey.m in Sources */,
				69DEFB0412FCC0C00083941C /* PTHotKeyCenter.m in Sources */,
				69DEFB0512FCC0C00083941C /* PTKeyCodeTranslator.m in Sources */,
				69DEFB0612FCC0C00083941C /* PTKeyCombo.m in Sources */,
				697295C5130F5586008F1975 /* SplashController.m in Sources */,
				69F52CB3130FD8BB0035E0D4 /* Scripter.m in Sources */,
				699B9D1F1330FC1A004BC9E9 /* PomodoroNotifier.m in Sources */,
			);
			runOnlyForDeploymentPostprocessing = 0;
		};
/* End PBXSourcesBuildPhase section */

/* Begin PBXVariantGroup section */
		5001AF701317B18800128231 /* About.xib */ = {
			isa = PBXVariantGroup;
			children = (
				5001AF711317B18800128231 /* English */,
				5001AF7C1317B19C00128231 /* German */,
			);
			name = About.xib;
			sourceTree = "<group>";
		};
		5001AF721317B18800128231 /* MainMenu.xib */ = {
			isa = PBXVariantGroup;
			children = (
				5001AF731317B18800128231 /* English */,
				5001AF7D1317B1A300128231 /* German */,
			);
			name = MainMenu.xib;
			sourceTree = "<group>";
		};
		5001AF741317B18800128231 /* Splash.xib */ = {
			isa = PBXVariantGroup;
			children = (
				5001AF751317B18800128231 /* English */,
				5001AF7E1317B1AA00128231 /* German */,
			);
			name = Splash.xib;
			sourceTree = "<group>";
		};
		5001AF761317B18800128231 /* Stats.xib */ = {
			isa = PBXVariantGroup;
			children = (
				5001AF771317B18800128231 /* English */,
				5001AF7F1317B1B100128231 /* German */,
			);
			name = Stats.xib;
			sourceTree = "<group>";
		};
		5001AF811317B1CC00128231 /* about.html */ = {
			isa = PBXVariantGroup;
			children = (
				5001AF821317B1CC00128231 /* English */,
				5001AF871317B1D200128231 /* German */,
			);
			name = about.html;
			sourceTree = "<group>";
		};
		5001AF831317B1CC00128231 /* splash.html */ = {
			isa = PBXVariantGroup;
			children = (
				5001AF841317B1CC00128231 /* English */,
				5001AF881317B1D800128231 /* German */,
			);
			name = splash.html;
			sourceTree = "<group>";
		};
		5001AF8A1317B20400128231 /* InfoPlist.strings */ = {
			isa = PBXVariantGroup;
			children = (
				5001AF8B1317B20400128231 /* English */,
			);
			name = InfoPlist.strings;
			sourceTree = "<group>";
		};
		5001AF8C1317B20400128231 /* Localizable.strings */ = {
			isa = PBXVariantGroup;
			children = (
				5001AF901317B21400128231 /* German */,
				69FEE3BF1318153700DA1332 /* English */,
			);
			name = Localizable.strings;
			sourceTree = "<group>";
		};
/* End PBXVariantGroup section */

/* Begin XCBuildConfiguration section */
		C01FCF4B08A954540054247B /* Debug */ = {
			isa = XCBuildConfiguration;
			buildSettings = {
				ALWAYS_SEARCH_USER_PATHS = NO;
				CODE_SIGN_IDENTITY = "3rd Party Mac Developer Application: ugo Landini";
				COPY_PHASE_STRIP = NO;
				FRAMEWORK_SEARCH_PATHS = (
					"$(inherited)",
					"\"$(SRCROOT)/externalFw/BGHUDAppKit/build/Release\"",
					"\"$(SRCROOT)/externalFw\"",
					"\"$(SRCROOT)/externalFw/shortcutrecorder\"",
					"\"$(SRCROOT)/externalFw/OAuthConsumer/build/Release\"",
					"\"$(SRCROOT)/externalFw/shortcutrecorder/build/Release\"",
					"\"$(SRCROOT)/externalFw/shortcutrecorder/build/Debug\"",
					"\"$(SRCROOT)/externalFw/BGHUDAppKit/build/Debug\"",
					"\"$(SRCROOT)/externalFw/OAuthConsumer/build/Debug\"",
				);
				GCC_DYNAMIC_NO_PIC = NO;
				GCC_ENABLE_FIX_AND_CONTINUE = YES;
				GCC_MODEL_TUNING = G5;
				GCC_OPTIMIZATION_LEVEL = 0;
				GCC_PRECOMPILE_PREFIX_HEADER = YES;
				GCC_PREFIX_HEADER = Pomodoro_Prefix.pch;
				INFOPLIST_FILE = "Pomodoro-Info.plist";
				INSTALL_PATH = "$(HOME)/Applications";
				LIBRARY_SEARCH_PATHS = (
					"$(inherited)",
					"\"$(SRCROOT)/externalFw/BGHUDAppKit/build/BGHUDAppKit.build/Debug/BGHUDAppKit.build/Objects-normal/i386\"",
					"\"$(SRCROOT)/externalFw/BGHUDAppKit/build/BGHUDAppKit.build/Debug/BGHUDAppKit.build/Objects-normal/x86_64\"",
					"\"$(SRCROOT)/externalFw/BGHUDAppKit/build/BGHUDAppKit.build/Release/BGHUDAppKit.build/Objects-normal/i386\"",
					"\"$(SRCROOT)/externalFw/BGHUDAppKit/build/BGHUDAppKit.build/Release/BGHUDAppKit.build/Objects-normal/x86_64\"",
					"\"$(SRCROOT)/externalFw/OAuthConsumer/build/OAuthConsumer.build/Debug/OAuthConsumer.build/Objects-normal/i386\"",
					"\"$(SRCROOT)/externalFw/OAuthConsumer/build/OAuthConsumer.build/Debug/OAuthConsumer.build/Objects-normal/x86_64\"",
					"\"$(SRCROOT)/externalFw/OAuthConsumer/build/OAuthConsumer.build/Release/OAuthConsumer.build/Objects-normal/i386\"",
					"\"$(SRCROOT)/externalFw/OAuthConsumer/build/OAuthConsumer.build/Release/OAuthConsumer.build/Objects-normal/x86_64\"",
					"\"$(SRCROOT)/externalFw/shortcutrecorder/build/ShortcutRecorder.build/Debug/ShortcutRecorder.framework - with embedded ibplugin.build/Objects-normal/i386\"",
					"\"$(SRCROOT)/externalFw/shortcutrecorder/build/ShortcutRecorder.build/Debug/ShortcutRecorder.framework - with embedded ibplugin.build/Objects-normal/x86_64\"",
					"\"$(SRCROOT)/externalFw/shortcutrecorder/build/ShortcutRecorder.build/Release/ShortcutRecorder.framework - with embedded ibplugin.build/Objects-normal/i386\"",
					"\"$(SRCROOT)/externalFw/shortcutrecorder/build/ShortcutRecorder.build/Release/ShortcutRecorder.framework - with embedded ibplugin.build/Objects-normal/x86_64\"",
				);
				PRODUCT_NAME = Pomodoro;
			};
			name = Debug;
		};
		C01FCF4C08A954540054247B /* Release */ = {
			isa = XCBuildConfiguration;
			buildSettings = {
				ALWAYS_SEARCH_USER_PATHS = NO;
				CODE_SIGN_IDENTITY = "3rd Party Mac Developer Application: ugo Landini";
				DEBUG_INFORMATION_FORMAT = "dwarf-with-dsym";
				FRAMEWORK_SEARCH_PATHS = (
					"$(inherited)",
					"\"$(SRCROOT)/externalFw/BGHUDAppKit/build/Release\"",
					"\"$(SRCROOT)/externalFw\"",
					"\"$(SRCROOT)/externalFw/shortcutrecorder\"",
					"\"$(SRCROOT)/externalFw/OAuthConsumer/build/Release\"",
					"\"$(SRCROOT)/externalFw/shortcutrecorder/build/Release\"",
					"\"$(SRCROOT)/externalFw/shortcutrecorder/build/Debug\"",
					"\"$(SRCROOT)/externalFw/BGHUDAppKit/build/Debug\"",
					"\"$(SRCROOT)/externalFw/OAuthConsumer/build/Debug\"",
				);
				GCC_MODEL_TUNING = G5;
				GCC_PRECOMPILE_PREFIX_HEADER = YES;
				GCC_PREFIX_HEADER = Pomodoro_Prefix.pch;
				INFOPLIST_FILE = "Pomodoro-Info.plist";
				INSTALL_PATH = "$(HOME)/Applications";
				LIBRARY_SEARCH_PATHS = (
					"$(inherited)",
					"\"$(SRCROOT)/externalFw/BGHUDAppKit/build/BGHUDAppKit.build/Debug/BGHUDAppKit.build/Objects-normal/i386\"",
					"\"$(SRCROOT)/externalFw/BGHUDAppKit/build/BGHUDAppKit.build/Debug/BGHUDAppKit.build/Objects-normal/x86_64\"",
					"\"$(SRCROOT)/externalFw/BGHUDAppKit/build/BGHUDAppKit.build/Release/BGHUDAppKit.build/Objects-normal/i386\"",
					"\"$(SRCROOT)/externalFw/BGHUDAppKit/build/BGHUDAppKit.build/Release/BGHUDAppKit.build/Objects-normal/x86_64\"",
					"\"$(SRCROOT)/externalFw/OAuthConsumer/build/OAuthConsumer.build/Debug/OAuthConsumer.build/Objects-normal/i386\"",
					"\"$(SRCROOT)/externalFw/OAuthConsumer/build/OAuthConsumer.build/Debug/OAuthConsumer.build/Objects-normal/x86_64\"",
					"\"$(SRCROOT)/externalFw/OAuthConsumer/build/OAuthConsumer.build/Release/OAuthConsumer.build/Objects-normal/i386\"",
					"\"$(SRCROOT)/externalFw/OAuthConsumer/build/OAuthConsumer.build/Release/OAuthConsumer.build/Objects-normal/x86_64\"",
					"\"$(SRCROOT)/externalFw/shortcutrecorder/build/ShortcutRecorder.build/Debug/ShortcutRecorder.framework - with embedded ibplugin.build/Objects-normal/i386\"",
					"\"$(SRCROOT)/externalFw/shortcutrecorder/build/ShortcutRecorder.build/Debug/ShortcutRecorder.framework - with embedded ibplugin.build/Objects-normal/x86_64\"",
					"\"$(SRCROOT)/externalFw/shortcutrecorder/build/ShortcutRecorder.build/Release/ShortcutRecorder.framework - with embedded ibplugin.build/Objects-normal/i386\"",
					"\"$(SRCROOT)/externalFw/shortcutrecorder/build/ShortcutRecorder.build/Release/ShortcutRecorder.framework - with embedded ibplugin.build/Objects-normal/x86_64\"",
				);
				PRODUCT_NAME = Pomodoro;
			};
			name = Release;
		};
		C01FCF4F08A954540054247B /* Debug */ = {
			isa = XCBuildConfiguration;
			buildSettings = {
				ARCHS = "$(ARCHS_STANDARD_32_64_BIT)";
				DEBUG_INFORMATION_FORMAT = "dwarf-with-dsym";
				GCC_C_LANGUAGE_STANDARD = gnu99;
				GCC_OPTIMIZATION_LEVEL = 0;
				GCC_WARN_ABOUT_RETURN_TYPE = YES;
				GCC_WARN_UNUSED_VARIABLE = YES;
				HEADER_SEARCH_PATHS = "/usr/include/libxml2/**";
				ONLY_ACTIVE_ARCH = NO;
				PREBINDING = NO;
				SDKROOT = macosx;
				VALID_ARCHS = "i386 x86_64";
			};
			name = Debug;
		};
		C01FCF5008A954540054247B /* Release */ = {
			isa = XCBuildConfiguration;
			buildSettings = {
				ARCHS = "$(ARCHS_STANDARD_32_64_BIT)";
				DEBUG_INFORMATION_FORMAT = "dwarf-with-dsym";
				GCC_C_LANGUAGE_STANDARD = gnu99;
				GCC_WARN_ABOUT_RETURN_TYPE = YES;
				GCC_WARN_UNUSED_VARIABLE = YES;
				HEADER_SEARCH_PATHS = "/usr/include/libxml2/**";
				ONLY_ACTIVE_ARCH = NO;
				PREBINDING = NO;
				SDKROOT = macosx;
				VALID_ARCHS = "i386 x86_64";
			};
			name = Release;
		};
/* End XCBuildConfiguration section */

/* Begin XCConfigurationList section */
		C01FCF4A08A954540054247B /* Build configuration list for PBXNativeTarget "Pomodoro" */ = {
			isa = XCConfigurationList;
			buildConfigurations = (
				C01FCF4B08A954540054247B /* Debug */,
				C01FCF4C08A954540054247B /* Release */,
			);
			defaultConfigurationIsVisible = 0;
			defaultConfigurationName = Release;
		};
		C01FCF4E08A954540054247B /* Build configuration list for PBXProject "Pomodoro" */ = {
			isa = XCConfigurationList;
			buildConfigurations = (
				C01FCF4F08A954540054247B /* Debug */,
				C01FCF5008A954540054247B /* Release */,
			);
			defaultConfigurationIsVisible = 0;
			defaultConfigurationName = Release;
		};
/* End XCConfigurationList section */

/* Begin XCVersionGroup section */
		69B3A84012FB3B58000AAA1F /* Pomodoros.xcdatamodeld */ = {
			isa = XCVersionGroup;
			children = (
				69B3A84212FB3B58000AAA1F /* Pomodoros.xcdatamodel */,
				6907B88B12DD09B800CEB09C /* Pomodoros_1.xcdatamodel */,
			);
			currentVersion = 69B3A84212FB3B58000AAA1F /* Pomodoros.xcdatamodel */;
			path = Pomodoros.xcdatamodeld;
			sourceTree = "<group>";
			versionGroupType = wrapper.xcdatamodel;
		};
/* End XCVersionGroup section */
	};
	rootObject = 29B97313FDCFA39411CA2CEA /* Project object */;
}
